
Microsoft Visual Studio Solution File, Format Version 12.00
# Visual Studio Version 16
VisualStudioVersion = 16.0.28922.388
MinimumVisualStudioVersion = 10.0.40219.1
Project("{FAE04EC0-301F-11D3-BF4B-00C04F79EFBC}") = "ChangeiOSBackButtonText", "ChangeiOSBackButtonText\ChangeiOSBackButtonText\ChangeiOSBackButtonText.csproj", "{F5A0DD92-AB41-49C8-88F7-944956523A2E}"
EndProject
Project("{FAE04EC0-301F-11D3-BF4B-00C04F79EFBC}") = "ChangeiOSBackButtonText.Android", "ChangeiOSBackButtonText\ChangeiOSBackButtonText.Android\ChangeiOSBackButtonText.Android.csproj", "{BDDA300C-8DB4-427C-BE89-CB17A5B82260}"
EndProject
Project("{FAE04EC0-301F-11D3-BF4B-00C04F79EFBC}") = "ChangeiOSBackButtonText.iOS", "ChangeiOSBackButtonText\ChangeiOSBackButtonText.iOS\ChangeiOSBackButtonText.iOS.csproj", "{7E1CBE09-BB09-4B8B-852B-F741EC4685D3}"
EndProject
Project("{FAE04EC0-301F-11D3-BF4B-00C04F79EFBC}") = "ChangeiOSBackButtonText.UWP", "ChangeiOSBackButtonText\ChangeiOSBackButtonText.UWP\ChangeiOSBackButtonText.UWP.csproj", "{03CAD53E-61A1-4A4D-B2A4-3ED2F3D8CE5A}"
EndProject
Global
	GlobalSection(SolutionConfigurationPlatforms) = preSolution
		Ad-Hoc|Any CPU = Ad-Hoc|Any CPU
		Ad-Hoc|ARM = Ad-Hoc|ARM
		Ad-Hoc|iPhone = Ad-Hoc|iPhone
		Ad-Hoc|iPhoneSimulator = Ad-Hoc|iPhoneSimulator
		Ad-Hoc|x64 = Ad-Hoc|x64
		Ad-Hoc|x86 = Ad-Hoc|x86
		AppStore|Any CPU = AppStore|Any CPU
		AppStore|ARM = AppStore|ARM
		AppStore|iPhone = AppStore|iPhone
		AppStore|iPhoneSimulator = AppStore|iPhoneSimulator
		AppStore|x64 = AppStore|x64
		AppStore|x86 = AppStore|x86
		Debug|Any CPU = Debug|Any CPU
		Debug|ARM = Debug|ARM
		Debug|iPhone = Debug|iPhone
		Debug|iPhoneSimulator = Debug|iPhoneSimulator
		Debug|x64 = Debug|x64
		Debug|x86 = Debug|x86
		Release|Any CPU = Release|Any CPU
		Release|ARM = Release|ARM
		Release|iPhone = Release|iPhone
		Release|iPhoneSimulator = Release|iPhoneSimulator
		Release|x64 = Release|x64
		Release|x86 = Release|x86
	EndGlobalSection
	GlobalSection(ProjectConfigurationPlatforms) = postSolution
		{F5A0DD92-AB41-49C8-88F7-944956523A2E}.Ad-Hoc|Any CPU.ActiveCfg = Debug|Any CPU
		{F5A0DD92-AB41-49C8-88F7-944956523A2E}.Ad-Hoc|Any CPU.Build.0 = Debug|Any CPU
		{F5A0DD92-AB41-49C8-88F7-944956523A2E}.Ad-Hoc|ARM.ActiveCfg = Debug|Any CPU
		{F5A0DD92-AB41-49C8-88F7-944956523A2E}.Ad-Hoc|ARM.Build.0 = Debug|Any CPU
		{F5A0DD92-AB41-49C8-88F7-944956523A2E}.Ad-Hoc|iPhone.ActiveCfg = Debug|Any CPU
		{F5A0DD92-AB41-49C8-88F7-944956523A2E}.Ad-Hoc|iPhone.Build.0 = Debug|Any CPU
		{F5A0DD92-AB41-49C8-88F7-944956523A2E}.Ad-Hoc|iPhoneSimulator.ActiveCfg = Debug|Any CPU
		{F5A0DD92-AB41-49C8-88F7-944956523A2E}.Ad-Hoc|iPhoneSimulator.Build.0 = Debug|Any CPU
		{F5A0DD92-AB41-49C8-88F7-944956523A2E}.Ad-Hoc|x64.ActiveCfg = Debug|Any CPU
		{F5A0DD92-AB41-49C8-88F7-944956523A2E}.Ad-Hoc|x64.Build.0 = Debug|Any CPU
		{F5A0DD92-AB41-49C8-88F7-944956523A2E}.Ad-Hoc|x86.ActiveCfg = Debug|Any CPU
		{F5A0DD92-AB41-49C8-88F7-944956523A2E}.Ad-Hoc|x86.Build.0 = Debug|Any CPU
		{F5A0DD92-AB41-49C8-88F7-944956523A2E}.AppStore|Any CPU.ActiveCfg = Debug|Any CPU
		{F5A0DD92-AB41-49C8-88F7-944956523A2E}.AppStore|Any CPU.Build.0 = Debug|Any CPU
		{F5A0DD92-AB41-49C8-88F7-944956523A2E}.AppStore|ARM.ActiveCfg = Debug|Any CPU
		{F5A0DD92-AB41-49C8-88F7-944956523A2E}.AppStore|ARM.Build.0 = Debug|Any CPU
		{F5A0DD92-AB41-49C8-88F7-944956523A2E}.AppStore|iPhone.ActiveCfg = Debug|Any CPU
		{F5A0DD92-AB41-49C8-88F7-944956523A2E}.AppStore|iPhone.Build.0 = Debug|Any CPU
		{F5A0DD92-AB41-49C8-88F7-944956523A2E}.AppStore|iPhoneSimulator.ActiveCfg = Debug|Any CPU
		{F5A0DD92-AB41-49C8-88F7-944956523A2E}.AppStore|iPhoneSimulator.Build.0 = Debug|Any CPU
		{F5A0DD92-AB41-49C8-88F7-944956523A2E}.AppStore|x64.ActiveCfg = Debug|Any CPU
		{F5A0DD92-AB41-49C8-88F7-944956523A2E}.AppStore|x64.Build.0 = Debug|Any CPU
		{F5A0DD92-AB41-49C8-88F7-944956523A2E}.AppStore|x86.ActiveCfg = Debug|Any CPU
		{F5A0DD92-AB41-49C8-88F7-944956523A2E}.AppStore|x86.Build.0 = Debug|Any CPU
		{F5A0DD92-AB41-49C8-88F7-944956523A2E}.Debug|Any CPU.ActiveCfg = Debug|Any CPU
		{F5A0DD92-AB41-49C8-88F7-944956523A2E}.Debug|Any CPU.Build.0 = Debug|Any CPU
		{F5A0DD92-AB41-49C8-88F7-944956523A2E}.Debug|ARM.ActiveCfg = Debug|Any CPU
		{F5A0DD92-AB41-49C8-88F7-944956523A2E}.Debug|ARM.Build.0 = Debug|Any CPU
		{F5A0DD92-AB41-49C8-88F7-944956523A2E}.Debug|iPhone.ActiveCfg = Debug|Any CPU
		{F5A0DD92-AB41-49C8-88F7-944956523A2E}.Debug|iPhone.Build.0 = Debug|Any CPU
		{F5A0DD92-AB41-49C8-88F7-944956523A2E}.Debug|iPhoneSimulator.ActiveCfg = Debug|Any CPU
		{F5A0DD92-AB41-49C8-88F7-944956523A2E}.Debug|iPhoneSimulator.Build.0 = Debug|Any CPU
		{F5A0DD92-AB41-49C8-88F7-944956523A2E}.Debug|x64.ActiveCfg = Debug|Any CPU
		{F5A0DD92-AB41-49C8-88F7-944956523A2E}.Debug|x64.Build.0 = Debug|Any CPU
		{F5A0DD92-AB41-49C8-88F7-944956523A2E}.Debug|x86.ActiveCfg = Debug|Any CPU
		{F5A0DD92-AB41-49C8-88F7-944956523A2E}.Debug|x86.Build.0 = Debug|Any CPU
		{F5A0DD92-AB41-49C8-88F7-944956523A2E}.Release|Any CPU.ActiveCfg = Release|Any CPU
		{F5A0DD92-AB41-49C8-88F7-944956523A2E}.Release|Any CPU.Build.0 = Release|Any CPU
		{F5A0DD92-AB41-49C8-88F7-944956523A2E}.Release|ARM.ActiveCfg = Release|Any CPU
		{F5A0DD92-AB41-49C8-88F7-944956523A2E}.Release|ARM.Build.0 = Release|Any CPU
		{F5A0DD92-AB41-49C8-88F7-944956523A2E}.Release|iPhone.ActiveCfg = Release|Any CPU
		{F5A0DD92-AB41-49C8-88F7-944956523A2E}.Release|iPhone.Build.0 = Release|Any CPU
		{F5A0DD92-AB41-49C8-88F7-944956523A2E}.Release|iPhoneSimulator.ActiveCfg = Release|Any CPU
		{F5A0DD92-AB41-49C8-88F7-944956523A2E}.Release|iPhoneSimulator.Build.0 = Release|Any CPU
		{F5A0DD92-AB41-49C8-88F7-944956523A2E}.Release|x64.ActiveCfg = Release|Any CPU
		{F5A0DD92-AB41-49C8-88F7-944956523A2E}.Release|x64.Build.0 = Release|Any CPU
		{F5A0DD92-AB41-49C8-88F7-944956523A2E}.Release|x86.ActiveCfg = Release|Any CPU
		{F5A0DD92-AB41-49C8-88F7-944956523A2E}.Release|x86.Build.0 = Release|Any CPU
		{BDDA300C-8DB4-427C-BE89-CB17A5B82260}.Ad-Hoc|Any CPU.ActiveCfg = Release|Any CPU
		{BDDA300C-8DB4-427C-BE89-CB17A5B82260}.Ad-Hoc|Any CPU.Build.0 = Release|Any CPU
		{BDDA300C-8DB4-427C-BE89-CB17A5B82260}.Ad-Hoc|Any CPU.Deploy.0 = Release|Any CPU
		{BDDA300C-8DB4-427C-BE89-CB17A5B82260}.Ad-Hoc|ARM.ActiveCfg = Release|Any CPU
		{BDDA300C-8DB4-427C-BE89-CB17A5B82260}.Ad-Hoc|ARM.Build.0 = Release|Any CPU
		{BDDA300C-8DB4-427C-BE89-CB17A5B82260}.Ad-Hoc|ARM.Deploy.0 = Release|Any CPU
		{BDDA300C-8DB4-427C-BE89-CB17A5B82260}.Ad-Hoc|iPhone.ActiveCfg = Release|Any CPU
		{BDDA300C-8DB4-427C-BE89-CB17A5B82260}.Ad-Hoc|iPhone.Build.0 = Release|Any CPU
		{BDDA300C-8DB4-427C-BE89-CB17A5B82260}.Ad-Hoc|iPhone.Deploy.0 = Release|Any CPU
		{BDDA300C-8DB4-427C-BE89-CB17A5B82260}.Ad-Hoc|iPhoneSimulator.ActiveCfg = Release|Any CPU
		{BDDA300C-8DB4-427C-BE89-CB17A5B82260}.Ad-Hoc|iPhoneSimulator.Build.0 = Release|Any CPU
		{BDDA300C-8DB4-427C-BE89-CB17A5B82260}.Ad-Hoc|iPhoneSimulator.Deploy.0 = Release|Any CPU
		{BDDA300C-8DB4-427C-BE89-CB17A5B82260}.Ad-Hoc|x64.ActiveCfg = Release|Any CPU
		{BDDA300C-8DB4-427C-BE89-CB17A5B82260}.Ad-Hoc|x64.Build.0 = Release|Any CPU
		{BDDA300C-8DB4-427C-BE89-CB17A5B82260}.Ad-Hoc|x64.Deploy.0 = Release|Any CPU
		{BDDA300C-8DB4-427C-BE89-CB17A5B82260}.Ad-Hoc|x86.ActiveCfg = Release|Any CPU
		{BDDA300C-8DB4-427C-BE89-CB17A5B82260}.Ad-Hoc|x86.Build.0 = Release|Any CPU
		{BDDA300C-8DB4-427C-BE89-CB17A5B82260}.Ad-Hoc|x86.Deploy.0 = Release|Any CPU
		{BDDA300C-8DB4-427C-BE89-CB17A5B82260}.AppStore|Any CPU.ActiveCfg = Release|Any CPU
		{BDDA300C-8DB4-427C-BE89-CB17A5B82260}.AppStore|Any CPU.Build.0 = Release|Any CPU
		{BDDA300C-8DB4-427C-BE89-CB17A5B82260}.AppStore|Any CPU.Deploy.0 = Release|Any CPU
		{BDDA300C-8DB4-427C-BE89-CB17A5B82260}.AppStore|ARM.ActiveCfg = Release|Any CPU
		{BDDA300C-8DB4-427C-BE89-CB17A5B82260}.AppStore|ARM.Build.0 = Release|Any CPU
		{BDDA300C-8DB4-427C-BE89-CB17A5B82260}.AppStore|ARM.Deploy.0 = Release|Any CPU
		{BDDA300C-8DB4-427C-BE89-CB17A5B82260}.AppStore|iPhone.ActiveCfg = Release|Any CPU
		{BDDA300C-8DB4-427C-BE89-CB17A5B82260}.AppStore|iPhone.Build.0 = Release|Any CPU
		{BDDA300C-8DB4-427C-BE89-CB17A5B82260}.AppStore|iPhone.Deploy.0 = Release|Any CPU
		{BDDA300C-8DB4-427C-BE89-CB17A5B82260}.AppStore|iPhoneSimulator.ActiveCfg = Release|Any CPU
		{BDDA300C-8DB4-427C-BE89-CB17A5B82260}.AppStore|iPhoneSimulator.Build.0 = Release|Any CPU
		{BDDA300C-8DB4-427C-BE89-CB17A5B82260}.AppStore|iPhoneSimulator.Deploy.0 = Release|Any CPU
		{BDDA300C-8DB4-427C-BE89-CB17A5B82260}.AppStore|x64.ActiveCfg = Release|Any CPU
		{BDDA300C-8DB4-427C-BE89-CB17A5B82260}.AppStore|x64.Build.0 = Release|Any CPU
		{BDDA300C-8DB4-427C-BE89-CB17A5B82260}.AppStore|x64.Deploy.0 = Release|Any CPU
		{BDDA300C-8DB4-427C-BE89-CB17A5B82260}.AppStore|x86.ActiveCfg = Release|Any CPU
		{BDDA300C-8DB4-427C-BE89-CB17A5B82260}.AppStore|x86.Build.0 = Release|Any CPU
		{BDDA300C-8DB4-427C-BE89-CB17A5B82260}.AppStore|x86.Deploy.0 = Release|Any CPU
		{BDDA300C-8DB4-427C-BE89-CB17A5B82260}.Debug|Any CPU.ActiveCfg = Debug|Any CPU
		{BDDA300C-8DB4-427C-BE89-CB17A5B82260}.Debug|Any CPU.Build.0 = Debug|Any CPU
		{BDDA300C-8DB4-427C-BE89-CB17A5B82260}.Debug|Any CPU.Deploy.0 = Debug|Any CPU
		{BDDA300C-8DB4-427C-BE89-CB17A5B82260}.Debug|ARM.ActiveCfg = Debug|Any CPU
		{BDDA300C-8DB4-427C-BE89-CB17A5B82260}.Debug|ARM.Build.0 = Debug|Any CPU
		{BDDA300C-8DB4-427C-BE89-CB17A5B82260}.Debug|ARM.Deploy.0 = Debug|Any CPU
		{BDDA300C-8DB4-427C-BE89-CB17A5B82260}.Debug|iPhone.ActiveCfg = Debug|Any CPU
		{BDDA300C-8DB4-427C-BE89-CB17A5B82260}.Debug|iPhone.Build.0 = Debug|Any CPU
		{BDDA300C-8DB4-427C-BE89-CB17A5B82260}.Debug|iPhone.Deploy.0 = Debug|Any CPU
		{BDDA300C-8DB4-427C-BE89-CB17A5B82260}.Debug|iPhoneSimulator.ActiveCfg = Debug|Any CPU
		{BDDA300C-8DB4-427C-BE89-CB17A5B82260}.Debug|iPhoneSimulator.Build.0 = Debug|Any CPU
		{BDDA300C-8DB4-427C-BE89-CB17A5B82260}.Debug|iPhoneSimulator.Deploy.0 = Debug|Any CPU
		{BDDA300C-8DB4-427C-BE89-CB17A5B82260}.Debug|x64.ActiveCfg = Debug|Any CPU
		{BDDA300C-8DB4-427C-BE89-CB17A5B82260}.Debug|x64.Build.0 = Debug|Any CPU
		{BDDA300C-8DB4-427C-BE89-CB17A5B82260}.Debug|x64.Deploy.0 = Debug|Any CPU
		{BDDA300C-8DB4-427C-BE89-CB17A5B82260}.Debug|x86.ActiveCfg = Debug|Any CPU
		{BDDA300C-8DB4-427C-BE89-CB17A5B82260}.Debug|x86.Build.0 = Debug|Any CPU
		{BDDA300C-8DB4-427C-BE89-CB17A5B82260}.Debug|x86.Deploy.0 = Debug|Any CPU
		{BDDA300C-8DB4-427C-BE89-CB17A5B82260}.Release|Any CPU.ActiveCfg = Release|Any CPU
		{BDDA300C-8DB4-427C-BE89-CB17A5B82260}.Release|Any CPU.Build.0 = Release|Any CPU
		{BDDA300C-8DB4-427C-BE89-CB17A5B82260}.Release|Any CPU.Deploy.0 = Release|Any CPU
		{BDDA300C-8DB4-427C-BE89-CB17A5B82260}.Release|ARM.ActiveCfg = Release|Any CPU
		{BDDA300C-8DB4-427C-BE89-CB17A5B82260}.Release|ARM.Build.0 = Release|Any CPU
		{BDDA300C-8DB4-427C-BE89-CB17A5B82260}.Release|ARM.Deploy.0 = Release|Any CPU
		{BDDA300C-8DB4-427C-BE89-CB17A5B82260}.Release|iPhone.ActiveCfg = Release|Any CPU
		{BDDA300C-8DB4-427C-BE89-CB17A5B82260}.Release|iPhone.Build.0 = Release|Any CPU
		{BDDA300C-8DB4-427C-BE89-CB17A5B82260}.Release|iPhone.Deploy.0 = Release|Any CPU
		{BDDA300C-8DB4-427C-BE89-CB17A5B82260}.Release|iPhoneSimulator.ActiveCfg = Release|Any CPU
		{BDDA300C-8DB4-427C-BE89-CB17A5B82260}.Release|iPhoneSimulator.Build.0 = Release|Any CPU
		{BDDA300C-8DB4-427C-BE89-CB17A5B82260}.Release|iPhoneSimulator.Deploy.0 = Release|Any CPU
		{BDDA300C-8DB4-427C-BE89-CB17A5B82260}.Release|x64.ActiveCfg = Release|Any CPU
		{BDDA300C-8DB4-427C-BE89-CB17A5B82260}.Release|x64.Build.0 = Release|Any CPU
		{BDDA300C-8DB4-427C-BE89-CB17A5B82260}.Release|x64.Deploy.0 = Release|Any CPU
		{BDDA300C-8DB4-427C-BE89-CB17A5B82260}.Release|x86.ActiveCfg = Release|Any CPU
		{BDDA300C-8DB4-427C-BE89-CB17A5B82260}.Release|x86.Build.0 = Release|Any CPU
		{BDDA300C-8DB4-427C-BE89-CB17A5B82260}.Release|x86.Deploy.0 = Release|Any CPU
		{7E1CBE09-BB09-4B8B-852B-F741EC4685D3}.Ad-Hoc|Any CPU.ActiveCfg = Ad-Hoc|iPhone
		{7E1CBE09-BB09-4B8B-852B-F741EC4685D3}.Ad-Hoc|ARM.ActiveCfg = Ad-Hoc|iPhone
		{7E1CBE09-BB09-4B8B-852B-F741EC4685D3}.Ad-Hoc|iPhone.ActiveCfg = Ad-Hoc|iPhone
		{7E1CBE09-BB09-4B8B-852B-F741EC4685D3}.Ad-Hoc|iPhone.Build.0 = Ad-Hoc|iPhone
		{7E1CBE09-BB09-4B8B-852B-F741EC4685D3}.Ad-Hoc|iPhoneSimulator.ActiveCfg = Ad-Hoc|iPhoneSimulator
		{7E1CBE09-BB09-4B8B-852B-F741EC4685D3}.Ad-Hoc|iPhoneSimulator.Build.0 = Ad-Hoc|iPhoneSimulator
		{7E1CBE09-BB09-4B8B-852B-F741EC4685D3}.Ad-Hoc|x64.ActiveCfg = Ad-Hoc|iPhone
		{7E1CBE09-BB09-4B8B-852B-F741EC4685D3}.Ad-Hoc|x86.ActiveCfg = Ad-Hoc|iPhone
		{7E1CBE09-BB09-4B8B-852B-F741EC4685D3}.AppStore|Any CPU.ActiveCfg = AppStore|iPhone
		{7E1CBE09-BB09-4B8B-852B-F741EC4685D3}.AppStore|ARM.ActiveCfg = AppStore|iPhone
		{7E1CBE09-BB09-4B8B-852B-F741EC4685D3}.AppStore|iPhone.ActiveCfg = AppStore|iPhone
		{7E1CBE09-BB09-4B8B-852B-F741EC4685D3}.AppStore|iPhone.Build.0 = AppStore|iPhone
		{7E1CBE09-BB09-4B8B-852B-F741EC4685D3}.AppStore|iPhoneSimulator.ActiveCfg = AppStore|iPhoneSimulator
		{7E1CBE09-BB09-4B8B-852B-F741EC4685D3}.AppStore|iPhoneSimulator.Build.0 = AppStore|iPhoneSimulator
		{7E1CBE09-BB09-4B8B-852B-F741EC4685D3}.AppStore|x64.ActiveCfg = AppStore|iPhone
		{7E1CBE09-BB09-4B8B-852B-F741EC4685D3}.AppStore|x86.ActiveCfg = AppStore|iPhone
		{7E1CBE09-BB09-4B8B-852B-F741EC4685D3}.Debug|Any CPU.ActiveCfg = Debug|iPhone
		{7E1CBE09-BB09-4B8B-852B-F741EC4685D3}.Debug|ARM.ActiveCfg = Debug|iPhone
		{7E1CBE09-BB09-4B8B-852B-F741EC4685D3}.Debug|iPhone.ActiveCfg = Debug|iPhone
		{7E1CBE09-BB09-4B8B-852B-F741EC4685D3}.Debug|iPhone.Build.0 = Debug|iPhone
		{7E1CBE09-BB09-4B8B-852B-F741EC4685D3}.Debug|iPhoneSimulator.ActiveCfg = Debug|iPhoneSimulator
		{7E1CBE09-BB09-4B8B-852B-F741EC4685D3}.Debug|iPhoneSimulator.Build.0 = Debug|iPhoneSimulator
		{7E1CBE09-BB09-4B8B-852B-F741EC4685D3}.Debug|x64.ActiveCfg = Debug|iPhone
		{7E1CBE09-BB09-4B8B-852B-F741EC4685D3}.Debug|x86.ActiveCfg = Debug|iPhone
		{7E1CBE09-BB09-4B8B-852B-F741EC4685D3}.Release|Any CPU.ActiveCfg = Release|iPhone
		{7E1CBE09-BB09-4B8B-852B-F741EC4685D3}.Release|ARM.ActiveCfg = Release|iPhone
		{7E1CBE09-BB09-4B8B-852B-F741EC4685D3}.Release|iPhone.ActiveCfg = Release|iPhone
		{7E1CBE09-BB09-4B8B-852B-F741EC4685D3}.Release|iPhone.Build.0 = Release|iPhone
		{7E1CBE09-BB09-4B8B-852B-F741EC4685D3}.Release|iPhoneSimulator.ActiveCfg = Release|iPhoneSimulator
		{7E1CBE09-BB09-4B8B-852B-F741EC4685D3}.Release|iPhoneSimulator.Build.0 = Release|iPhoneSimulator
		{7E1CBE09-BB09-4B8B-852B-F741EC4685D3}.Release|x64.ActiveCfg = Release|iPhone
		{7E1CBE09-BB09-4B8B-852B-F741EC4685D3}.Release|x86.ActiveCfg = Release|iPhone
		{03CAD53E-61A1-4A4D-B2A4-3ED2F3D8CE5A}.Ad-Hoc|Any CPU.ActiveCfg = Release|x86
		{03CAD53E-61A1-4A4D-B2A4-3ED2F3D8CE5A}.Ad-Hoc|Any CPU.Build.0 = Release|x86
		{03CAD53E-61A1-4A4D-B2A4-3ED2F3D8CE5A}.Ad-Hoc|Any CPU.Deploy.0 = Release|x86
		{03CAD53E-61A1-4A4D-B2A4-3ED2F3D8CE5A}.Ad-Hoc|ARM.ActiveCfg = Release|ARM
		{03CAD53E-61A1-4A4D-B2A4-3ED2F3D8CE5A}.Ad-Hoc|ARM.Build.0 = Release|ARM
		{03CAD53E-61A1-4A4D-B2A4-3ED2F3D8CE5A}.Ad-Hoc|ARM.Deploy.0 = Release|ARM
		{03CAD53E-61A1-4A4D-B2A4-3ED2F3D8CE5A}.Ad-Hoc|iPhone.ActiveCfg = Release|x86
		{03CAD53E-61A1-4A4D-B2A4-3ED2F3D8CE5A}.Ad-Hoc|iPhone.Build.0 = Release|x86
		{03CAD53E-61A1-4A4D-B2A4-3ED2F3D8CE5A}.Ad-Hoc|iPhone.Deploy.0 = Release|x86
		{03CAD53E-61A1-4A4D-B2A4-3ED2F3D8CE5A}.Ad-Hoc|iPhoneSimulator.ActiveCfg = Release|x86
		{03CAD53E-61A1-4A4D-B2A4-3ED2F3D8CE5A}.Ad-Hoc|iPhoneSimulator.Build.0 = Release|x86
		{03CAD53E-61A1-4A4D-B2A4-3ED2F3D8CE5A}.Ad-Hoc|iPhoneSimulator.Deploy.0 = Release|x86
		{03CAD53E-61A1-4A4D-B2A4-3ED2F3D8CE5A}.Ad-Hoc|x64.ActiveCfg = Release|x64
		{03CAD53E-61A1-4A4D-B2A4-3ED2F3D8CE5A}.Ad-Hoc|x64.Build.0 = Release|x64
		{03CAD53E-61A1-4A4D-B2A4-3ED2F3D8CE5A}.Ad-Hoc|x64.Deploy.0 = Release|x64
		{03CAD53E-61A1-4A4D-B2A4-3ED2F3D8CE5A}.Ad-Hoc|x86.ActiveCfg = Release|x86
		{03CAD53E-61A1-4A4D-B2A4-3ED2F3D8CE5A}.Ad-Hoc|x86.Build.0 = Release|x86
		{03CAD53E-61A1-4A4D-B2A4-3ED2F3D8CE5A}.Ad-Hoc|x86.Deploy.0 = Release|x86
		{03CAD53E-61A1-4A4D-B2A4-3ED2F3D8CE5A}.AppStore|Any CPU.ActiveCfg = Release|x86
		{03CAD53E-61A1-4A4D-B2A4-3ED2F3D8CE5A}.AppStore|Any CPU.Build.0 = Release|x86
		{03CAD53E-61A1-4A4D-B2A4-3ED2F3D8CE5A}.AppStore|Any CPU.Deploy.0 = Release|x86
		{03CAD53E-61A1-4A4D-B2A4-3ED2F3D8CE5A}.AppStore|ARM.ActiveCfg = Release|ARM
		{03CAD53E-61A1-4A4D-B2A4-3ED2F3D8CE5A}.AppStore|ARM.Build.0 = Release|ARM
		{03CAD53E-61A1-4A4D-B2A4-3ED2F3D8CE5A}.AppStore|ARM.Deploy.0 = Release|ARM
		{03CAD53E-61A1-4A4D-B2A4-3ED2F3D8CE5A}.AppStore|iPhone.ActiveCfg = Release|x86
		{03CAD53E-61A1-4A4D-B2A4-3ED2F3D8CE5A}.AppStore|iPhone.Build.0 = Release|x86
		{03CAD53E-61A1-4A4D-B2A4-3ED2F3D8CE5A}.AppStore|iPhone.Deploy.0 = Release|x86
		{03CAD53E-61A1-4A4D-B2A4-3ED2F3D8CE5A}.AppStore|iPhoneSimulator.ActiveCfg = Release|x86
		{03CAD53E-61A1-4A4D-B2A4-3ED2F3D8CE5A}.AppStore|iPhoneSimulator.Build.0 = Release|x86
		{03CAD53E-61A1-4A4D-B2A4-3ED2F3D8CE5A}.AppStore|iPhoneSimulator.Deploy.0 = Release|x86
		{03CAD53E-61A1-4A4D-B2A4-3ED2F3D8CE5A}.AppStore|x64.ActiveCfg = Release|x64
		{03CAD53E-61A1-4A4D-B2A4-3ED2F3D8CE5A}.AppStore|x64.Build.0 = Release|x64
		{03CAD53E-61A1-4A4D-B2A4-3ED2F3D8CE5A}.AppStore|x64.Deploy.0 = Release|x64
		{03CAD53E-61A1-4A4D-B2A4-3ED2F3D8CE5A}.AppStore|x86.ActiveCfg = Release|x86
		{03CAD53E-61A1-4A4D-B2A4-3ED2F3D8CE5A}.AppStore|x86.Build.0 = Release|x86
		{03CAD53E-61A1-4A4D-B2A4-3ED2F3D8CE5A}.AppStore|x86.Deploy.0 = Release|x86
		{03CAD53E-61A1-4A4D-B2A4-3ED2F3D8CE5A}.Debug|Any CPU.ActiveCfg = Debug|x86
		{03CAD53E-61A1-4A4D-B2A4-3ED2F3D8CE5A}.Debug|ARM.ActiveCfg = Debug|ARM
		{03CAD53E-61A1-4A4D-B2A4-3ED2F3D8CE5A}.Debug|ARM.Build.0 = Debug|ARM
		{03CAD53E-61A1-4A4D-B2A4-3ED2F3D8CE5A}.Debug|ARM.Deploy.0 = Debug|ARM
		{03CAD53E-61A1-4A4D-B2A4-3ED2F3D8CE5A}.Debug|iPhone.ActiveCfg = Debug|x86
		{03CAD53E-61A1-4A4D-B2A4-3ED2F3D8CE5A}.Debug|iPhoneSimulator.ActiveCfg = Debug|x86
		{03CAD53E-61A1-4A4D-B2A4-3ED2F3D8CE5A}.Debug|x64.ActiveCfg = Debug|x64
		{03CAD53E-61A1-4A4D-B2A4-3ED2F3D8CE5A}.Debug|x64.Build.0 = Debug|x64
		{03CAD53E-61A1-4A4D-B2A4-3ED2F3D8CE5A}.Debug|x64.Deploy.0 = Debug|x64
		{03CAD53E-61A1-4A4D-B2A4-3ED2F3D8CE5A}.Debug|x86.ActiveCfg = Debug|x86
		{03CAD53E-61A1-4A4D-B2A4-3ED2F3D8CE5A}.Debug|x86.Build.0 = Debug|x86
		{03CAD53E-61A1-4A4D-B2A4-3ED2F3D8CE5A}.Debug|x86.Deploy.0 = Debug|x86
		{03CAD53E-61A1-4A4D-B2A4-3ED2F3D8CE5A}.Release|Any CPU.ActiveCfg = Release|x86
		{03CAD53E-61A1-4A4D-B2A4-3ED2F3D8CE5A}.Release|ARM.ActiveCfg = Release|ARM
		{03CAD53E-61A1-4A4D-B2A4-3ED2F3D8CE5A}.Release|ARM.Build.0 = Release|ARM
		{03CAD53E-61A1-4A4D-B2A4-3ED2F3D8CE5A}.Release|ARM.Deploy.0 = Release|ARM
		{03CAD53E-61A1-4A4D-B2A4-3ED2F3D8CE5A}.Release|iPhone.ActiveCfg = Release|x86
		{03CAD53E-61A1-4A4D-B2A4-3ED2F3D8CE5A}.Release|iPhoneSimulator.ActiveCfg = Release|x86
		{03CAD53E-61A1-4A4D-B2A4-3ED2F3D8CE5A}.Release|x64.ActiveCfg = Release|x64
		{03CAD53E-61A1-4A4D-B2A4-3ED2F3D8CE5A}.Release|x64.Build.0 = Release|x64
		{03CAD53E-61A1-4A4D-B2A4-3ED2F3D8CE5A}.Release|x64.Deploy.0 = Release|x64
		{03CAD53E-61A1-4A4D-B2A4-3ED2F3D8CE5A}.Release|x86.ActiveCfg = Release|x86
		{03CAD53E-61A1-4A4D-B2A4-3ED2F3D8CE5A}.Release|x86.Build.0 = Release|x86
		{03CAD53E-61A1-4A4D-B2A4-3ED2F3D8CE5A}.Release|x86.Deploy.0 = Release|x86
	EndGlobalSection
	GlobalSection(SolutionProperties) = preSolution
		HideSolutionNode = FALSE
	EndGlobalSection
	GlobalSection(ExtensibilityGlobals) = postSolution
		SolutionGuid = {9B50063A-4750-47E8-BD71-B0BFEB31B71F}
	EndGlobalSection
EndGlobal
