
Microsoft Visual Studio Solution File, Format Version 12.00
# Visual Studio Version 16
VisualStudioVersion = 16.0.28729.10
MinimumVisualStudioVersion = 10.0.40219.1
Project("{FAE04EC0-301F-11D3-BF4B-00C04F79EFBC}") = "LayoutGesture", "LayoutGesture\LayoutGesture\LayoutGesture.csproj", "{35E60FB0-CAFC-4AB9-813A-F7E246468CDE}"
EndProject
Project("{FAE04EC0-301F-11D3-BF4B-00C04F79EFBC}") = "LayoutGesture.Android", "LayoutGesture\LayoutGesture.Android\LayoutGesture.Android.csproj", "{EEAA8287-B34B-4CA3-8817-11BD0A2ADF78}"
EndProject
Project("{FAE04EC0-301F-11D3-BF4B-00C04F79EFBC}") = "LayoutGesture.iOS", "LayoutGesture\LayoutGesture.iOS\LayoutGesture.iOS.csproj", "{B3C142BC-1999-4B5D-892D-1D5D8CA0B539}"
EndProject
Project("{FAE04EC0-301F-11D3-BF4B-00C04F79EFBC}") = "LayoutGesture.UWP", "LayoutGesture\LayoutGesture.UWP\LayoutGesture.UWP.csproj", "{E0E77A79-BB34-4670-8ED3-42D2E8E70834}"
EndProject
Global
	GlobalSection(SolutionConfigurationPlatforms) = preSolution
		Ad-Hoc|Any CPU = Ad-Hoc|Any CPU
		Ad-Hoc|ARM = Ad-Hoc|ARM
		Ad-Hoc|iPhone = Ad-Hoc|iPhone
		Ad-Hoc|iPhoneSimulator = Ad-Hoc|iPhoneSimulator
		Ad-Hoc|x64 = Ad-Hoc|x64
		Ad-Hoc|x86 = Ad-Hoc|x86
		AppStore|Any CPU = AppStore|Any CPU
		AppStore|ARM = AppStore|ARM
		AppStore|iPhone = AppStore|iPhone
		AppStore|iPhoneSimulator = AppStore|iPhoneSimulator
		AppStore|x64 = AppStore|x64
		AppStore|x86 = AppStore|x86
		Debug|Any CPU = Debug|Any CPU
		Debug|ARM = Debug|ARM
		Debug|iPhone = Debug|iPhone
		Debug|iPhoneSimulator = Debug|iPhoneSimulator
		Debug|x64 = Debug|x64
		Debug|x86 = Debug|x86
		Release|Any CPU = Release|Any CPU
		Release|ARM = Release|ARM
		Release|iPhone = Release|iPhone
		Release|iPhoneSimulator = Release|iPhoneSimulator
		Release|x64 = Release|x64
		Release|x86 = Release|x86
	EndGlobalSection
	GlobalSection(ProjectConfigurationPlatforms) = postSolution
		{35E60FB0-CAFC-4AB9-813A-F7E246468CDE}.Ad-Hoc|Any CPU.ActiveCfg = Debug|Any CPU
		{35E60FB0-CAFC-4AB9-813A-F7E246468CDE}.Ad-Hoc|Any CPU.Build.0 = Debug|Any CPU
		{35E60FB0-CAFC-4AB9-813A-F7E246468CDE}.Ad-Hoc|ARM.ActiveCfg = Debug|Any CPU
		{35E60FB0-CAFC-4AB9-813A-F7E246468CDE}.Ad-Hoc|ARM.Build.0 = Debug|Any CPU
		{35E60FB0-CAFC-4AB9-813A-F7E246468CDE}.Ad-Hoc|iPhone.ActiveCfg = Debug|Any CPU
		{35E60FB0-CAFC-4AB9-813A-F7E246468CDE}.Ad-Hoc|iPhone.Build.0 = Debug|Any CPU
		{35E60FB0-CAFC-4AB9-813A-F7E246468CDE}.Ad-Hoc|iPhoneSimulator.ActiveCfg = Debug|Any CPU
		{35E60FB0-CAFC-4AB9-813A-F7E246468CDE}.Ad-Hoc|iPhoneSimulator.Build.0 = Debug|Any CPU
		{35E60FB0-CAFC-4AB9-813A-F7E246468CDE}.Ad-Hoc|x64.ActiveCfg = Debug|Any CPU
		{35E60FB0-CAFC-4AB9-813A-F7E246468CDE}.Ad-Hoc|x64.Build.0 = Debug|Any CPU
		{35E60FB0-CAFC-4AB9-813A-F7E246468CDE}.Ad-Hoc|x86.ActiveCfg = Debug|Any CPU
		{35E60FB0-CAFC-4AB9-813A-F7E246468CDE}.Ad-Hoc|x86.Build.0 = Debug|Any CPU
		{35E60FB0-CAFC-4AB9-813A-F7E246468CDE}.AppStore|Any CPU.ActiveCfg = Debug|Any CPU
		{35E60FB0-CAFC-4AB9-813A-F7E246468CDE}.AppStore|Any CPU.Build.0 = Debug|Any CPU
		{35E60FB0-CAFC-4AB9-813A-F7E246468CDE}.AppStore|ARM.ActiveCfg = Debug|Any CPU
		{35E60FB0-CAFC-4AB9-813A-F7E246468CDE}.AppStore|ARM.Build.0 = Debug|Any CPU
		{35E60FB0-CAFC-4AB9-813A-F7E246468CDE}.AppStore|iPhone.ActiveCfg = Debug|Any CPU
		{35E60FB0-CAFC-4AB9-813A-F7E246468CDE}.AppStore|iPhone.Build.0 = Debug|Any CPU
		{35E60FB0-CAFC-4AB9-813A-F7E246468CDE}.AppStore|iPhoneSimulator.ActiveCfg = Debug|Any CPU
		{35E60FB0-CAFC-4AB9-813A-F7E246468CDE}.AppStore|iPhoneSimulator.Build.0 = Debug|Any CPU
		{35E60FB0-CAFC-4AB9-813A-F7E246468CDE}.AppStore|x64.ActiveCfg = Debug|Any CPU
		{35E60FB0-CAFC-4AB9-813A-F7E246468CDE}.AppStore|x64.Build.0 = Debug|Any CPU
		{35E60FB0-CAFC-4AB9-813A-F7E246468CDE}.AppStore|x86.ActiveCfg = Debug|Any CPU
		{35E60FB0-CAFC-4AB9-813A-F7E246468CDE}.AppStore|x86.Build.0 = Debug|Any CPU
		{35E60FB0-CAFC-4AB9-813A-F7E246468CDE}.Debug|Any CPU.ActiveCfg = Debug|Any CPU
		{35E60FB0-CAFC-4AB9-813A-F7E246468CDE}.Debug|Any CPU.Build.0 = Debug|Any CPU
		{35E60FB0-CAFC-4AB9-813A-F7E246468CDE}.Debug|ARM.ActiveCfg = Debug|Any CPU
		{35E60FB0-CAFC-4AB9-813A-F7E246468CDE}.Debug|ARM.Build.0 = Debug|Any CPU
		{35E60FB0-CAFC-4AB9-813A-F7E246468CDE}.Debug|iPhone.ActiveCfg = Debug|Any CPU
		{35E60FB0-CAFC-4AB9-813A-F7E246468CDE}.Debug|iPhone.Build.0 = Debug|Any CPU
		{35E60FB0-CAFC-4AB9-813A-F7E246468CDE}.Debug|iPhoneSimulator.ActiveCfg = Debug|Any CPU
		{35E60FB0-CAFC-4AB9-813A-F7E246468CDE}.Debug|iPhoneSimulator.Build.0 = Debug|Any CPU
		{35E60FB0-CAFC-4AB9-813A-F7E246468CDE}.Debug|x64.ActiveCfg = Debug|Any CPU
		{35E60FB0-CAFC-4AB9-813A-F7E246468CDE}.Debug|x64.Build.0 = Debug|Any CPU
		{35E60FB0-CAFC-4AB9-813A-F7E246468CDE}.Debug|x86.ActiveCfg = Debug|Any CPU
		{35E60FB0-CAFC-4AB9-813A-F7E246468CDE}.Debug|x86.Build.0 = Debug|Any CPU
		{35E60FB0-CAFC-4AB9-813A-F7E246468CDE}.Release|Any CPU.ActiveCfg = Release|Any CPU
		{35E60FB0-CAFC-4AB9-813A-F7E246468CDE}.Release|Any CPU.Build.0 = Release|Any CPU
		{35E60FB0-CAFC-4AB9-813A-F7E246468CDE}.Release|ARM.ActiveCfg = Release|Any CPU
		{35E60FB0-CAFC-4AB9-813A-F7E246468CDE}.Release|ARM.Build.0 = Release|Any CPU
		{35E60FB0-CAFC-4AB9-813A-F7E246468CDE}.Release|iPhone.ActiveCfg = Release|Any CPU
		{35E60FB0-CAFC-4AB9-813A-F7E246468CDE}.Release|iPhone.Build.0 = Release|Any CPU
		{35E60FB0-CAFC-4AB9-813A-F7E246468CDE}.Release|iPhoneSimulator.ActiveCfg = Release|Any CPU
		{35E60FB0-CAFC-4AB9-813A-F7E246468CDE}.Release|iPhoneSimulator.Build.0 = Release|Any CPU
		{35E60FB0-CAFC-4AB9-813A-F7E246468CDE}.Release|x64.ActiveCfg = Release|Any CPU
		{35E60FB0-CAFC-4AB9-813A-F7E246468CDE}.Release|x64.Build.0 = Release|Any CPU
		{35E60FB0-CAFC-4AB9-813A-F7E246468CDE}.Release|x86.ActiveCfg = Release|Any CPU
		{35E60FB0-CAFC-4AB9-813A-F7E246468CDE}.Release|x86.Build.0 = Release|Any CPU
		{EEAA8287-B34B-4CA3-8817-11BD0A2ADF78}.Ad-Hoc|Any CPU.ActiveCfg = Release|Any CPU
		{EEAA8287-B34B-4CA3-8817-11BD0A2ADF78}.Ad-Hoc|Any CPU.Build.0 = Release|Any CPU
		{EEAA8287-B34B-4CA3-8817-11BD0A2ADF78}.Ad-Hoc|Any CPU.Deploy.0 = Release|Any CPU
		{EEAA8287-B34B-4CA3-8817-11BD0A2ADF78}.Ad-Hoc|ARM.ActiveCfg = Release|Any CPU
		{EEAA8287-B34B-4CA3-8817-11BD0A2ADF78}.Ad-Hoc|ARM.Build.0 = Release|Any CPU
		{EEAA8287-B34B-4CA3-8817-11BD0A2ADF78}.Ad-Hoc|ARM.Deploy.0 = Release|Any CPU
		{EEAA8287-B34B-4CA3-8817-11BD0A2ADF78}.Ad-Hoc|iPhone.ActiveCfg = Release|Any CPU
		{EEAA8287-B34B-4CA3-8817-11BD0A2ADF78}.Ad-Hoc|iPhone.Build.0 = Release|Any CPU
		{EEAA8287-B34B-4CA3-8817-11BD0A2ADF78}.Ad-Hoc|iPhone.Deploy.0 = Release|Any CPU
		{EEAA8287-B34B-4CA3-8817-11BD0A2ADF78}.Ad-Hoc|iPhoneSimulator.ActiveCfg = Release|Any CPU
		{EEAA8287-B34B-4CA3-8817-11BD0A2ADF78}.Ad-Hoc|iPhoneSimulator.Build.0 = Release|Any CPU
		{EEAA8287-B34B-4CA3-8817-11BD0A2ADF78}.Ad-Hoc|iPhoneSimulator.Deploy.0 = Release|Any CPU
		{EEAA8287-B34B-4CA3-8817-11BD0A2ADF78}.Ad-Hoc|x64.ActiveCfg = Release|Any CPU
		{EEAA8287-B34B-4CA3-8817-11BD0A2ADF78}.Ad-Hoc|x64.Build.0 = Release|Any CPU
		{EEAA8287-B34B-4CA3-8817-11BD0A2ADF78}.Ad-Hoc|x64.Deploy.0 = Release|Any CPU
		{EEAA8287-B34B-4CA3-8817-11BD0A2ADF78}.Ad-Hoc|x86.ActiveCfg = Release|Any CPU
		{EEAA8287-B34B-4CA3-8817-11BD0A2ADF78}.Ad-Hoc|x86.Build.0 = Release|Any CPU
		{EEAA8287-B34B-4CA3-8817-11BD0A2ADF78}.Ad-Hoc|x86.Deploy.0 = Release|Any CPU
		{EEAA8287-B34B-4CA3-8817-11BD0A2ADF78}.AppStore|Any CPU.ActiveCfg = Release|Any CPU
		{EEAA8287-B34B-4CA3-8817-11BD0A2ADF78}.AppStore|Any CPU.Build.0 = Release|Any CPU
		{EEAA8287-B34B-4CA3-8817-11BD0A2ADF78}.AppStore|Any CPU.Deploy.0 = Release|Any CPU
		{EEAA8287-B34B-4CA3-8817-11BD0A2ADF78}.AppStore|ARM.ActiveCfg = Release|Any CPU
		{EEAA8287-B34B-4CA3-8817-11BD0A2ADF78}.AppStore|ARM.Build.0 = Release|Any CPU
		{EEAA8287-B34B-4CA3-8817-11BD0A2ADF78}.AppStore|ARM.Deploy.0 = Release|Any CPU
		{EEAA8287-B34B-4CA3-8817-11BD0A2ADF78}.AppStore|iPhone.ActiveCfg = Release|Any CPU
		{EEAA8287-B34B-4CA3-8817-11BD0A2ADF78}.AppStore|iPhone.Build.0 = Release|Any CPU
		{EEAA8287-B34B-4CA3-8817-11BD0A2ADF78}.AppStore|iPhone.Deploy.0 = Release|Any CPU
		{EEAA8287-B34B-4CA3-8817-11BD0A2ADF78}.AppStore|iPhoneSimulator.ActiveCfg = Release|Any CPU
		{EEAA8287-B34B-4CA3-8817-11BD0A2ADF78}.AppStore|iPhoneSimulator.Build.0 = Release|Any CPU
		{EEAA8287-B34B-4CA3-8817-11BD0A2ADF78}.AppStore|iPhoneSimulator.Deploy.0 = Release|Any CPU
		{EEAA8287-B34B-4CA3-8817-11BD0A2ADF78}.AppStore|x64.ActiveCfg = Release|Any CPU
		{EEAA8287-B34B-4CA3-8817-11BD0A2ADF78}.AppStore|x64.Build.0 = Release|Any CPU
		{EEAA8287-B34B-4CA3-8817-11BD0A2ADF78}.AppStore|x64.Deploy.0 = Release|Any CPU
		{EEAA8287-B34B-4CA3-8817-11BD0A2ADF78}.AppStore|x86.ActiveCfg = Release|Any CPU
		{EEAA8287-B34B-4CA3-8817-11BD0A2ADF78}.AppStore|x86.Build.0 = Release|Any CPU
		{EEAA8287-B34B-4CA3-8817-11BD0A2ADF78}.AppStore|x86.Deploy.0 = Release|Any CPU
		{EEAA8287-B34B-4CA3-8817-11BD0A2ADF78}.Debug|Any CPU.ActiveCfg = Debug|Any CPU
		{EEAA8287-B34B-4CA3-8817-11BD0A2ADF78}.Debug|Any CPU.Build.0 = Debug|Any CPU
		{EEAA8287-B34B-4CA3-8817-11BD0A2ADF78}.Debug|Any CPU.Deploy.0 = Debug|Any CPU
		{EEAA8287-B34B-4CA3-8817-11BD0A2ADF78}.Debug|ARM.ActiveCfg = Debug|Any CPU
		{EEAA8287-B34B-4CA3-8817-11BD0A2ADF78}.Debug|ARM.Build.0 = Debug|Any CPU
		{EEAA8287-B34B-4CA3-8817-11BD0A2ADF78}.Debug|ARM.Deploy.0 = Debug|Any CPU
		{EEAA8287-B34B-4CA3-8817-11BD0A2ADF78}.Debug|iPhone.ActiveCfg = Debug|Any CPU
		{EEAA8287-B34B-4CA3-8817-11BD0A2ADF78}.Debug|iPhone.Build.0 = Debug|Any CPU
		{EEAA8287-B34B-4CA3-8817-11BD0A2ADF78}.Debug|iPhone.Deploy.0 = Debug|Any CPU
		{EEAA8287-B34B-4CA3-8817-11BD0A2ADF78}.Debug|iPhoneSimulator.ActiveCfg = Debug|Any CPU
		{EEAA8287-B34B-4CA3-8817-11BD0A2ADF78}.Debug|iPhoneSimulator.Build.0 = Debug|Any CPU
		{EEAA8287-B34B-4CA3-8817-11BD0A2ADF78}.Debug|iPhoneSimulator.Deploy.0 = Debug|Any CPU
		{EEAA8287-B34B-4CA3-8817-11BD0A2ADF78}.Debug|x64.ActiveCfg = Debug|Any CPU
		{EEAA8287-B34B-4CA3-8817-11BD0A2ADF78}.Debug|x64.Build.0 = Debug|Any CPU
		{EEAA8287-B34B-4CA3-8817-11BD0A2ADF78}.Debug|x64.Deploy.0 = Debug|Any CPU
		{EEAA8287-B34B-4CA3-8817-11BD0A2ADF78}.Debug|x86.ActiveCfg = Debug|Any CPU
		{EEAA8287-B34B-4CA3-8817-11BD0A2ADF78}.Debug|x86.Build.0 = Debug|Any CPU
		{EEAA8287-B34B-4CA3-8817-11BD0A2ADF78}.Debug|x86.Deploy.0 = Debug|Any CPU
		{EEAA8287-B34B-4CA3-8817-11BD0A2ADF78}.Release|Any CPU.ActiveCfg = Release|Any CPU
		{EEAA8287-B34B-4CA3-8817-11BD0A2ADF78}.Release|Any CPU.Build.0 = Release|Any CPU
		{EEAA8287-B34B-4CA3-8817-11BD0A2ADF78}.Release|Any CPU.Deploy.0 = Release|Any CPU
		{EEAA8287-B34B-4CA3-8817-11BD0A2ADF78}.Release|ARM.ActiveCfg = Release|Any CPU
		{EEAA8287-B34B-4CA3-8817-11BD0A2ADF78}.Release|ARM.Build.0 = Release|Any CPU
		{EEAA8287-B34B-4CA3-8817-11BD0A2ADF78}.Release|ARM.Deploy.0 = Release|Any CPU
		{EEAA8287-B34B-4CA3-8817-11BD0A2ADF78}.Release|iPhone.ActiveCfg = Release|Any CPU
		{EEAA8287-B34B-4CA3-8817-11BD0A2ADF78}.Release|iPhone.Build.0 = Release|Any CPU
		{EEAA8287-B34B-4CA3-8817-11BD0A2ADF78}.Release|iPhone.Deploy.0 = Release|Any CPU
		{EEAA8287-B34B-4CA3-8817-11BD0A2ADF78}.Release|iPhoneSimulator.ActiveCfg = Release|Any CPU
		{EEAA8287-B34B-4CA3-8817-11BD0A2ADF78}.Release|iPhoneSimulator.Build.0 = Release|Any CPU
		{EEAA8287-B34B-4CA3-8817-11BD0A2ADF78}.Release|iPhoneSimulator.Deploy.0 = Release|Any CPU
		{EEAA8287-B34B-4CA3-8817-11BD0A2ADF78}.Release|x64.ActiveCfg = Release|Any CPU
		{EEAA8287-B34B-4CA3-8817-11BD0A2ADF78}.Release|x64.Build.0 = Release|Any CPU
		{EEAA8287-B34B-4CA3-8817-11BD0A2ADF78}.Release|x64.Deploy.0 = Release|Any CPU
		{EEAA8287-B34B-4CA3-8817-11BD0A2ADF78}.Release|x86.ActiveCfg = Release|Any CPU
		{EEAA8287-B34B-4CA3-8817-11BD0A2ADF78}.Release|x86.Build.0 = Release|Any CPU
		{EEAA8287-B34B-4CA3-8817-11BD0A2ADF78}.Release|x86.Deploy.0 = Release|Any CPU
		{B3C142BC-1999-4B5D-892D-1D5D8CA0B539}.Ad-Hoc|Any CPU.ActiveCfg = Ad-Hoc|iPhone
		{B3C142BC-1999-4B5D-892D-1D5D8CA0B539}.Ad-Hoc|ARM.ActiveCfg = Ad-Hoc|iPhone
		{B3C142BC-1999-4B5D-892D-1D5D8CA0B539}.Ad-Hoc|iPhone.ActiveCfg = Ad-Hoc|iPhone
		{B3C142BC-1999-4B5D-892D-1D5D8CA0B539}.Ad-Hoc|iPhone.Build.0 = Ad-Hoc|iPhone
		{B3C142BC-1999-4B5D-892D-1D5D8CA0B539}.Ad-Hoc|iPhoneSimulator.ActiveCfg = Ad-Hoc|iPhoneSimulator
		{B3C142BC-1999-4B5D-892D-1D5D8CA0B539}.Ad-Hoc|iPhoneSimulator.Build.0 = Ad-Hoc|iPhoneSimulator
		{B3C142BC-1999-4B5D-892D-1D5D8CA0B539}.Ad-Hoc|x64.ActiveCfg = Ad-Hoc|iPhone
		{B3C142BC-1999-4B5D-892D-1D5D8CA0B539}.Ad-Hoc|x86.ActiveCfg = Ad-Hoc|iPhone
		{B3C142BC-1999-4B5D-892D-1D5D8CA0B539}.AppStore|Any CPU.ActiveCfg = AppStore|iPhone
		{B3C142BC-1999-4B5D-892D-1D5D8CA0B539}.AppStore|ARM.ActiveCfg = AppStore|iPhone
		{B3C142BC-1999-4B5D-892D-1D5D8CA0B539}.AppStore|iPhone.ActiveCfg = AppStore|iPhone
		{B3C142BC-1999-4B5D-892D-1D5D8CA0B539}.AppStore|iPhone.Build.0 = AppStore|iPhone
		{B3C142BC-1999-4B5D-892D-1D5D8CA0B539}.AppStore|iPhoneSimulator.ActiveCfg = AppStore|iPhoneSimulator
		{B3C142BC-1999-4B5D-892D-1D5D8CA0B539}.AppStore|iPhoneSimulator.Build.0 = AppStore|iPhoneSimulator
		{B3C142BC-1999-4B5D-892D-1D5D8CA0B539}.AppStore|x64.ActiveCfg = AppStore|iPhone
		{B3C142BC-1999-4B5D-892D-1D5D8CA0B539}.AppStore|x86.ActiveCfg = AppStore|iPhone
		{B3C142BC-1999-4B5D-892D-1D5D8CA0B539}.Debug|Any CPU.ActiveCfg = Debug|iPhone
		{B3C142BC-1999-4B5D-892D-1D5D8CA0B539}.Debug|ARM.ActiveCfg = Debug|iPhone
		{B3C142BC-1999-4B5D-892D-1D5D8CA0B539}.Debug|iPhone.ActiveCfg = Debug|iPhone
		{B3C142BC-1999-4B5D-892D-1D5D8CA0B539}.Debug|iPhone.Build.0 = Debug|iPhone
		{B3C142BC-1999-4B5D-892D-1D5D8CA0B539}.Debug|iPhoneSimulator.ActiveCfg = Debug|iPhoneSimulator
		{B3C142BC-1999-4B5D-892D-1D5D8CA0B539}.Debug|iPhoneSimulator.Build.0 = Debug|iPhoneSimulator
		{B3C142BC-1999-4B5D-892D-1D5D8CA0B539}.Debug|x64.ActiveCfg = Debug|iPhone
		{B3C142BC-1999-4B5D-892D-1D5D8CA0B539}.Debug|x86.ActiveCfg = Debug|iPhone
		{B3C142BC-1999-4B5D-892D-1D5D8CA0B539}.Release|Any CPU.ActiveCfg = Release|iPhone
		{B3C142BC-1999-4B5D-892D-1D5D8CA0B539}.Release|ARM.ActiveCfg = Release|iPhone
		{B3C142BC-1999-4B5D-892D-1D5D8CA0B539}.Release|iPhone.ActiveCfg = Release|iPhone
		{B3C142BC-1999-4B5D-892D-1D5D8CA0B539}.Release|iPhone.Build.0 = Release|iPhone
		{B3C142BC-1999-4B5D-892D-1D5D8CA0B539}.Release|iPhoneSimulator.ActiveCfg = Release|iPhoneSimulator
		{B3C142BC-1999-4B5D-892D-1D5D8CA0B539}.Release|iPhoneSimulator.Build.0 = Release|iPhoneSimulator
		{B3C142BC-1999-4B5D-892D-1D5D8CA0B539}.Release|x64.ActiveCfg = Release|iPhone
		{B3C142BC-1999-4B5D-892D-1D5D8CA0B539}.Release|x86.ActiveCfg = Release|iPhone
		{E0E77A79-BB34-4670-8ED3-42D2E8E70834}.Ad-Hoc|Any CPU.ActiveCfg = Release|x86
		{E0E77A79-BB34-4670-8ED3-42D2E8E70834}.Ad-Hoc|Any CPU.Build.0 = Release|x86
		{E0E77A79-BB34-4670-8ED3-42D2E8E70834}.Ad-Hoc|Any CPU.Deploy.0 = Release|x86
		{E0E77A79-BB34-4670-8ED3-42D2E8E70834}.Ad-Hoc|ARM.ActiveCfg = Release|ARM
		{E0E77A79-BB34-4670-8ED3-42D2E8E70834}.Ad-Hoc|ARM.Build.0 = Release|ARM
		{E0E77A79-BB34-4670-8ED3-42D2E8E70834}.Ad-Hoc|ARM.Deploy.0 = Release|ARM
		{E0E77A79-BB34-4670-8ED3-42D2E8E70834}.Ad-Hoc|iPhone.ActiveCfg = Release|x86
		{E0E77A79-BB34-4670-8ED3-42D2E8E70834}.Ad-Hoc|iPhone.Build.0 = Release|x86
		{E0E77A79-BB34-4670-8ED3-42D2E8E70834}.Ad-Hoc|iPhone.Deploy.0 = Release|x86
		{E0E77A79-BB34-4670-8ED3-42D2E8E70834}.Ad-Hoc|iPhoneSimulator.ActiveCfg = Release|x86
		{E0E77A79-BB34-4670-8ED3-42D2E8E70834}.Ad-Hoc|iPhoneSimulator.Build.0 = Release|x86
		{E0E77A79-BB34-4670-8ED3-42D2E8E70834}.Ad-Hoc|iPhoneSimulator.Deploy.0 = Release|x86
		{E0E77A79-BB34-4670-8ED3-42D2E8E70834}.Ad-Hoc|x64.ActiveCfg = Release|x64
		{E0E77A79-BB34-4670-8ED3-42D2E8E70834}.Ad-Hoc|x64.Build.0 = Release|x64
		{E0E77A79-BB34-4670-8ED3-42D2E8E70834}.Ad-Hoc|x64.Deploy.0 = Release|x64
		{E0E77A79-BB34-4670-8ED3-42D2E8E70834}.Ad-Hoc|x86.ActiveCfg = Release|x86
		{E0E77A79-BB34-4670-8ED3-42D2E8E70834}.Ad-Hoc|x86.Build.0 = Release|x86
		{E0E77A79-BB34-4670-8ED3-42D2E8E70834}.Ad-Hoc|x86.Deploy.0 = Release|x86
		{E0E77A79-BB34-4670-8ED3-42D2E8E70834}.AppStore|Any CPU.ActiveCfg = Release|x86
		{E0E77A79-BB34-4670-8ED3-42D2E8E70834}.AppStore|Any CPU.Build.0 = Release|x86
		{E0E77A79-BB34-4670-8ED3-42D2E8E70834}.AppStore|Any CPU.Deploy.0 = Release|x86
		{E0E77A79-BB34-4670-8ED3-42D2E8E70834}.AppStore|ARM.ActiveCfg = Release|ARM
		{E0E77A79-BB34-4670-8ED3-42D2E8E70834}.AppStore|ARM.Build.0 = Release|ARM
		{E0E77A79-BB34-4670-8ED3-42D2E8E70834}.AppStore|ARM.Deploy.0 = Release|ARM
		{E0E77A79-BB34-4670-8ED3-42D2E8E70834}.AppStore|iPhone.ActiveCfg = Release|x86
		{E0E77A79-BB34-4670-8ED3-42D2E8E70834}.AppStore|iPhone.Build.0 = Release|x86
		{E0E77A79-BB34-4670-8ED3-42D2E8E70834}.AppStore|iPhone.Deploy.0 = Release|x86
		{E0E77A79-BB34-4670-8ED3-42D2E8E70834}.AppStore|iPhoneSimulator.ActiveCfg = Release|x86
		{E0E77A79-BB34-4670-8ED3-42D2E8E70834}.AppStore|iPhoneSimulator.Build.0 = Release|x86
		{E0E77A79-BB34-4670-8ED3-42D2E8E70834}.AppStore|iPhoneSimulator.Deploy.0 = Release|x86
		{E0E77A79-BB34-4670-8ED3-42D2E8E70834}.AppStore|x64.ActiveCfg = Release|x64
		{E0E77A79-BB34-4670-8ED3-42D2E8E70834}.AppStore|x64.Build.0 = Release|x64
		{E0E77A79-BB34-4670-8ED3-42D2E8E70834}.AppStore|x64.Deploy.0 = Release|x64
		{E0E77A79-BB34-4670-8ED3-42D2E8E70834}.AppStore|x86.ActiveCfg = Release|x86
		{E0E77A79-BB34-4670-8ED3-42D2E8E70834}.AppStore|x86.Build.0 = Release|x86
		{E0E77A79-BB34-4670-8ED3-42D2E8E70834}.AppStore|x86.Deploy.0 = Release|x86
		{E0E77A79-BB34-4670-8ED3-42D2E8E70834}.Debug|Any CPU.ActiveCfg = Debug|x86
		{E0E77A79-BB34-4670-8ED3-42D2E8E70834}.Debug|ARM.ActiveCfg = Debug|ARM
		{E0E77A79-BB34-4670-8ED3-42D2E8E70834}.Debug|ARM.Build.0 = Debug|ARM
		{E0E77A79-BB34-4670-8ED3-42D2E8E70834}.Debug|ARM.Deploy.0 = Debug|ARM
		{E0E77A79-BB34-4670-8ED3-42D2E8E70834}.Debug|iPhone.ActiveCfg = Debug|x86
		{E0E77A79-BB34-4670-8ED3-42D2E8E70834}.Debug|iPhoneSimulator.ActiveCfg = Debug|x86
		{E0E77A79-BB34-4670-8ED3-42D2E8E70834}.Debug|x64.ActiveCfg = Debug|x64
		{E0E77A79-BB34-4670-8ED3-42D2E8E70834}.Debug|x64.Build.0 = Debug|x64
		{E0E77A79-BB34-4670-8ED3-42D2E8E70834}.Debug|x64.Deploy.0 = Debug|x64
		{E0E77A79-BB34-4670-8ED3-42D2E8E70834}.Debug|x86.ActiveCfg = Debug|x86
		{E0E77A79-BB34-4670-8ED3-42D2E8E70834}.Debug|x86.Build.0 = Debug|x86
		{E0E77A79-BB34-4670-8ED3-42D2E8E70834}.Debug|x86.Deploy.0 = Debug|x86
		{E0E77A79-BB34-4670-8ED3-42D2E8E70834}.Release|Any CPU.ActiveCfg = Release|x86
		{E0E77A79-BB34-4670-8ED3-42D2E8E70834}.Release|ARM.ActiveCfg = Release|ARM
		{E0E77A79-BB34-4670-8ED3-42D2E8E70834}.Release|ARM.Build.0 = Release|ARM
		{E0E77A79-BB34-4670-8ED3-42D2E8E70834}.Release|ARM.Deploy.0 = Release|ARM
		{E0E77A79-BB34-4670-8ED3-42D2E8E70834}.Release|iPhone.ActiveCfg = Release|x86
		{E0E77A79-BB34-4670-8ED3-42D2E8E70834}.Release|iPhoneSimulator.ActiveCfg = Release|x86
		{E0E77A79-BB34-4670-8ED3-42D2E8E70834}.Release|x64.ActiveCfg = Release|x64
		{E0E77A79-BB34-4670-8ED3-42D2E8E70834}.Release|x64.Build.0 = Release|x64
		{E0E77A79-BB34-4670-8ED3-42D2E8E70834}.Release|x64.Deploy.0 = Release|x64
		{E0E77A79-BB34-4670-8ED3-42D2E8E70834}.Release|x86.ActiveCfg = Release|x86
		{E0E77A79-BB34-4670-8ED3-42D2E8E70834}.Release|x86.Build.0 = Release|x86
		{E0E77A79-BB34-4670-8ED3-42D2E8E70834}.Release|x86.Deploy.0 = Release|x86
	EndGlobalSection
	GlobalSection(SolutionProperties) = preSolution
		HideSolutionNode = FALSE
	EndGlobalSection
	GlobalSection(ExtensibilityGlobals) = postSolution
		SolutionGuid = {157E95D4-FAD5-4681-8914-2B1DE3BCBBB5}
	EndGlobalSection
EndGlobal
