
Microsoft Visual Studio Solution File, Format Version 12.00
# Visual Studio Version 16
VisualStudioVersion = 16.0.28803.156
MinimumVisualStudioVersion = 10.0.40219.1
Project("{FAE04EC0-301F-11D3-BF4B-00C04F79EFBC}") = "DynamicFlexLayout", "DynamicFlexLayout\DynamicFlexLayout\DynamicFlexLayout.csproj", "{FC02398F-4F37-42D0-9219-DE083AD3FA05}"
EndProject
Project("{FAE04EC0-301F-11D3-BF4B-00C04F79EFBC}") = "DynamicFlexLayout.Android", "DynamicFlexLayout\DynamicFlexLayout.Android\DynamicFlexLayout.Android.csproj", "{7B4E0AA8-E9F7-471A-8997-FC364C29C446}"
EndProject
Project("{FAE04EC0-301F-11D3-BF4B-00C04F79EFBC}") = "DynamicFlexLayout.iOS", "DynamicFlexLayout\DynamicFlexLayout.iOS\DynamicFlexLayout.iOS.csproj", "{DCC0DDF0-7C46-4EC8-B5C9-292E6C2C5B4A}"
EndProject
Project("{FAE04EC0-301F-11D3-BF4B-00C04F79EFBC}") = "DynamicFlexLayout.UWP", "DynamicFlexLayout\DynamicFlexLayout.UWP\DynamicFlexLayout.UWP.csproj", "{EF944BA4-A195-42F6-ACBD-289903166323}"
EndProject
Global
	GlobalSection(SolutionConfigurationPlatforms) = preSolution
		Ad-Hoc|Any CPU = Ad-Hoc|Any CPU
		Ad-Hoc|ARM = Ad-Hoc|ARM
		Ad-Hoc|iPhone = Ad-Hoc|iPhone
		Ad-Hoc|iPhoneSimulator = Ad-Hoc|iPhoneSimulator
		Ad-Hoc|x64 = Ad-Hoc|x64
		Ad-Hoc|x86 = Ad-Hoc|x86
		AppStore|Any CPU = AppStore|Any CPU
		AppStore|ARM = AppStore|ARM
		AppStore|iPhone = AppStore|iPhone
		AppStore|iPhoneSimulator = AppStore|iPhoneSimulator
		AppStore|x64 = AppStore|x64
		AppStore|x86 = AppStore|x86
		Debug|Any CPU = Debug|Any CPU
		Debug|ARM = Debug|ARM
		Debug|iPhone = Debug|iPhone
		Debug|iPhoneSimulator = Debug|iPhoneSimulator
		Debug|x64 = Debug|x64
		Debug|x86 = Debug|x86
		Release|Any CPU = Release|Any CPU
		Release|ARM = Release|ARM
		Release|iPhone = Release|iPhone
		Release|iPhoneSimulator = Release|iPhoneSimulator
		Release|x64 = Release|x64
		Release|x86 = Release|x86
	EndGlobalSection
	GlobalSection(ProjectConfigurationPlatforms) = postSolution
		{FC02398F-4F37-42D0-9219-DE083AD3FA05}.Ad-Hoc|Any CPU.ActiveCfg = Debug|Any CPU
		{FC02398F-4F37-42D0-9219-DE083AD3FA05}.Ad-Hoc|Any CPU.Build.0 = Debug|Any CPU
		{FC02398F-4F37-42D0-9219-DE083AD3FA05}.Ad-Hoc|ARM.ActiveCfg = Debug|Any CPU
		{FC02398F-4F37-42D0-9219-DE083AD3FA05}.Ad-Hoc|ARM.Build.0 = Debug|Any CPU
		{FC02398F-4F37-42D0-9219-DE083AD3FA05}.Ad-Hoc|iPhone.ActiveCfg = Debug|Any CPU
		{FC02398F-4F37-42D0-9219-DE083AD3FA05}.Ad-Hoc|iPhone.Build.0 = Debug|Any CPU
		{FC02398F-4F37-42D0-9219-DE083AD3FA05}.Ad-Hoc|iPhoneSimulator.ActiveCfg = Debug|Any CPU
		{FC02398F-4F37-42D0-9219-DE083AD3FA05}.Ad-Hoc|iPhoneSimulator.Build.0 = Debug|Any CPU
		{FC02398F-4F37-42D0-9219-DE083AD3FA05}.Ad-Hoc|x64.ActiveCfg = Debug|Any CPU
		{FC02398F-4F37-42D0-9219-DE083AD3FA05}.Ad-Hoc|x64.Build.0 = Debug|Any CPU
		{FC02398F-4F37-42D0-9219-DE083AD3FA05}.Ad-Hoc|x86.ActiveCfg = Debug|Any CPU
		{FC02398F-4F37-42D0-9219-DE083AD3FA05}.Ad-Hoc|x86.Build.0 = Debug|Any CPU
		{FC02398F-4F37-42D0-9219-DE083AD3FA05}.AppStore|Any CPU.ActiveCfg = Debug|Any CPU
		{FC02398F-4F37-42D0-9219-DE083AD3FA05}.AppStore|Any CPU.Build.0 = Debug|Any CPU
		{FC02398F-4F37-42D0-9219-DE083AD3FA05}.AppStore|ARM.ActiveCfg = Debug|Any CPU
		{FC02398F-4F37-42D0-9219-DE083AD3FA05}.AppStore|ARM.Build.0 = Debug|Any CPU
		{FC02398F-4F37-42D0-9219-DE083AD3FA05}.AppStore|iPhone.ActiveCfg = Debug|Any CPU
		{FC02398F-4F37-42D0-9219-DE083AD3FA05}.AppStore|iPhone.Build.0 = Debug|Any CPU
		{FC02398F-4F37-42D0-9219-DE083AD3FA05}.AppStore|iPhoneSimulator.ActiveCfg = Debug|Any CPU
		{FC02398F-4F37-42D0-9219-DE083AD3FA05}.AppStore|iPhoneSimulator.Build.0 = Debug|Any CPU
		{FC02398F-4F37-42D0-9219-DE083AD3FA05}.AppStore|x64.ActiveCfg = Debug|Any CPU
		{FC02398F-4F37-42D0-9219-DE083AD3FA05}.AppStore|x64.Build.0 = Debug|Any CPU
		{FC02398F-4F37-42D0-9219-DE083AD3FA05}.AppStore|x86.ActiveCfg = Debug|Any CPU
		{FC02398F-4F37-42D0-9219-DE083AD3FA05}.AppStore|x86.Build.0 = Debug|Any CPU
		{FC02398F-4F37-42D0-9219-DE083AD3FA05}.Debug|Any CPU.ActiveCfg = Debug|Any CPU
		{FC02398F-4F37-42D0-9219-DE083AD3FA05}.Debug|Any CPU.Build.0 = Debug|Any CPU
		{FC02398F-4F37-42D0-9219-DE083AD3FA05}.Debug|ARM.ActiveCfg = Debug|Any CPU
		{FC02398F-4F37-42D0-9219-DE083AD3FA05}.Debug|ARM.Build.0 = Debug|Any CPU
		{FC02398F-4F37-42D0-9219-DE083AD3FA05}.Debug|iPhone.ActiveCfg = Debug|Any CPU
		{FC02398F-4F37-42D0-9219-DE083AD3FA05}.Debug|iPhone.Build.0 = Debug|Any CPU
		{FC02398F-4F37-42D0-9219-DE083AD3FA05}.Debug|iPhoneSimulator.ActiveCfg = Debug|Any CPU
		{FC02398F-4F37-42D0-9219-DE083AD3FA05}.Debug|iPhoneSimulator.Build.0 = Debug|Any CPU
		{FC02398F-4F37-42D0-9219-DE083AD3FA05}.Debug|x64.ActiveCfg = Debug|Any CPU
		{FC02398F-4F37-42D0-9219-DE083AD3FA05}.Debug|x64.Build.0 = Debug|Any CPU
		{FC02398F-4F37-42D0-9219-DE083AD3FA05}.Debug|x86.ActiveCfg = Debug|Any CPU
		{FC02398F-4F37-42D0-9219-DE083AD3FA05}.Debug|x86.Build.0 = Debug|Any CPU
		{FC02398F-4F37-42D0-9219-DE083AD3FA05}.Release|Any CPU.ActiveCfg = Release|Any CPU
		{FC02398F-4F37-42D0-9219-DE083AD3FA05}.Release|Any CPU.Build.0 = Release|Any CPU
		{FC02398F-4F37-42D0-9219-DE083AD3FA05}.Release|ARM.ActiveCfg = Release|Any CPU
		{FC02398F-4F37-42D0-9219-DE083AD3FA05}.Release|ARM.Build.0 = Release|Any CPU
		{FC02398F-4F37-42D0-9219-DE083AD3FA05}.Release|iPhone.ActiveCfg = Release|Any CPU
		{FC02398F-4F37-42D0-9219-DE083AD3FA05}.Release|iPhone.Build.0 = Release|Any CPU
		{FC02398F-4F37-42D0-9219-DE083AD3FA05}.Release|iPhoneSimulator.ActiveCfg = Release|Any CPU
		{FC02398F-4F37-42D0-9219-DE083AD3FA05}.Release|iPhoneSimulator.Build.0 = Release|Any CPU
		{FC02398F-4F37-42D0-9219-DE083AD3FA05}.Release|x64.ActiveCfg = Release|Any CPU
		{FC02398F-4F37-42D0-9219-DE083AD3FA05}.Release|x64.Build.0 = Release|Any CPU
		{FC02398F-4F37-42D0-9219-DE083AD3FA05}.Release|x86.ActiveCfg = Release|Any CPU
		{FC02398F-4F37-42D0-9219-DE083AD3FA05}.Release|x86.Build.0 = Release|Any CPU
		{7B4E0AA8-E9F7-471A-8997-FC364C29C446}.Ad-Hoc|Any CPU.ActiveCfg = Release|Any CPU
		{7B4E0AA8-E9F7-471A-8997-FC364C29C446}.Ad-Hoc|Any CPU.Build.0 = Release|Any CPU
		{7B4E0AA8-E9F7-471A-8997-FC364C29C446}.Ad-Hoc|Any CPU.Deploy.0 = Release|Any CPU
		{7B4E0AA8-E9F7-471A-8997-FC364C29C446}.Ad-Hoc|ARM.ActiveCfg = Release|Any CPU
		{7B4E0AA8-E9F7-471A-8997-FC364C29C446}.Ad-Hoc|ARM.Build.0 = Release|Any CPU
		{7B4E0AA8-E9F7-471A-8997-FC364C29C446}.Ad-Hoc|ARM.Deploy.0 = Release|Any CPU
		{7B4E0AA8-E9F7-471A-8997-FC364C29C446}.Ad-Hoc|iPhone.ActiveCfg = Release|Any CPU
		{7B4E0AA8-E9F7-471A-8997-FC364C29C446}.Ad-Hoc|iPhone.Build.0 = Release|Any CPU
		{7B4E0AA8-E9F7-471A-8997-FC364C29C446}.Ad-Hoc|iPhone.Deploy.0 = Release|Any CPU
		{7B4E0AA8-E9F7-471A-8997-FC364C29C446}.Ad-Hoc|iPhoneSimulator.ActiveCfg = Release|Any CPU
		{7B4E0AA8-E9F7-471A-8997-FC364C29C446}.Ad-Hoc|iPhoneSimulator.Build.0 = Release|Any CPU
		{7B4E0AA8-E9F7-471A-8997-FC364C29C446}.Ad-Hoc|iPhoneSimulator.Deploy.0 = Release|Any CPU
		{7B4E0AA8-E9F7-471A-8997-FC364C29C446}.Ad-Hoc|x64.ActiveCfg = Release|Any CPU
		{7B4E0AA8-E9F7-471A-8997-FC364C29C446}.Ad-Hoc|x64.Build.0 = Release|Any CPU
		{7B4E0AA8-E9F7-471A-8997-FC364C29C446}.Ad-Hoc|x64.Deploy.0 = Release|Any CPU
		{7B4E0AA8-E9F7-471A-8997-FC364C29C446}.Ad-Hoc|x86.ActiveCfg = Release|Any CPU
		{7B4E0AA8-E9F7-471A-8997-FC364C29C446}.Ad-Hoc|x86.Build.0 = Release|Any CPU
		{7B4E0AA8-E9F7-471A-8997-FC364C29C446}.Ad-Hoc|x86.Deploy.0 = Release|Any CPU
		{7B4E0AA8-E9F7-471A-8997-FC364C29C446}.AppStore|Any CPU.ActiveCfg = Release|Any CPU
		{7B4E0AA8-E9F7-471A-8997-FC364C29C446}.AppStore|Any CPU.Build.0 = Release|Any CPU
		{7B4E0AA8-E9F7-471A-8997-FC364C29C446}.AppStore|Any CPU.Deploy.0 = Release|Any CPU
		{7B4E0AA8-E9F7-471A-8997-FC364C29C446}.AppStore|ARM.ActiveCfg = Release|Any CPU
		{7B4E0AA8-E9F7-471A-8997-FC364C29C446}.AppStore|ARM.Build.0 = Release|Any CPU
		{7B4E0AA8-E9F7-471A-8997-FC364C29C446}.AppStore|ARM.Deploy.0 = Release|Any CPU
		{7B4E0AA8-E9F7-471A-8997-FC364C29C446}.AppStore|iPhone.ActiveCfg = Release|Any CPU
		{7B4E0AA8-E9F7-471A-8997-FC364C29C446}.AppStore|iPhone.Build.0 = Release|Any CPU
		{7B4E0AA8-E9F7-471A-8997-FC364C29C446}.AppStore|iPhone.Deploy.0 = Release|Any CPU
		{7B4E0AA8-E9F7-471A-8997-FC364C29C446}.AppStore|iPhoneSimulator.ActiveCfg = Release|Any CPU
		{7B4E0AA8-E9F7-471A-8997-FC364C29C446}.AppStore|iPhoneSimulator.Build.0 = Release|Any CPU
		{7B4E0AA8-E9F7-471A-8997-FC364C29C446}.AppStore|iPhoneSimulator.Deploy.0 = Release|Any CPU
		{7B4E0AA8-E9F7-471A-8997-FC364C29C446}.AppStore|x64.ActiveCfg = Release|Any CPU
		{7B4E0AA8-E9F7-471A-8997-FC364C29C446}.AppStore|x64.Build.0 = Release|Any CPU
		{7B4E0AA8-E9F7-471A-8997-FC364C29C446}.AppStore|x64.Deploy.0 = Release|Any CPU
		{7B4E0AA8-E9F7-471A-8997-FC364C29C446}.AppStore|x86.ActiveCfg = Release|Any CPU
		{7B4E0AA8-E9F7-471A-8997-FC364C29C446}.AppStore|x86.Build.0 = Release|Any CPU
		{7B4E0AA8-E9F7-471A-8997-FC364C29C446}.AppStore|x86.Deploy.0 = Release|Any CPU
		{7B4E0AA8-E9F7-471A-8997-FC364C29C446}.Debug|Any CPU.ActiveCfg = Debug|Any CPU
		{7B4E0AA8-E9F7-471A-8997-FC364C29C446}.Debug|Any CPU.Build.0 = Debug|Any CPU
		{7B4E0AA8-E9F7-471A-8997-FC364C29C446}.Debug|Any CPU.Deploy.0 = Debug|Any CPU
		{7B4E0AA8-E9F7-471A-8997-FC364C29C446}.Debug|ARM.ActiveCfg = Debug|Any CPU
		{7B4E0AA8-E9F7-471A-8997-FC364C29C446}.Debug|ARM.Build.0 = Debug|Any CPU
		{7B4E0AA8-E9F7-471A-8997-FC364C29C446}.Debug|ARM.Deploy.0 = Debug|Any CPU
		{7B4E0AA8-E9F7-471A-8997-FC364C29C446}.Debug|iPhone.ActiveCfg = Debug|Any CPU
		{7B4E0AA8-E9F7-471A-8997-FC364C29C446}.Debug|iPhone.Build.0 = Debug|Any CPU
		{7B4E0AA8-E9F7-471A-8997-FC364C29C446}.Debug|iPhone.Deploy.0 = Debug|Any CPU
		{7B4E0AA8-E9F7-471A-8997-FC364C29C446}.Debug|iPhoneSimulator.ActiveCfg = Debug|Any CPU
		{7B4E0AA8-E9F7-471A-8997-FC364C29C446}.Debug|iPhoneSimulator.Build.0 = Debug|Any CPU
		{7B4E0AA8-E9F7-471A-8997-FC364C29C446}.Debug|iPhoneSimulator.Deploy.0 = Debug|Any CPU
		{7B4E0AA8-E9F7-471A-8997-FC364C29C446}.Debug|x64.ActiveCfg = Debug|Any CPU
		{7B4E0AA8-E9F7-471A-8997-FC364C29C446}.Debug|x64.Build.0 = Debug|Any CPU
		{7B4E0AA8-E9F7-471A-8997-FC364C29C446}.Debug|x64.Deploy.0 = Debug|Any CPU
		{7B4E0AA8-E9F7-471A-8997-FC364C29C446}.Debug|x86.ActiveCfg = Debug|Any CPU
		{7B4E0AA8-E9F7-471A-8997-FC364C29C446}.Debug|x86.Build.0 = Debug|Any CPU
		{7B4E0AA8-E9F7-471A-8997-FC364C29C446}.Debug|x86.Deploy.0 = Debug|Any CPU
		{7B4E0AA8-E9F7-471A-8997-FC364C29C446}.Release|Any CPU.ActiveCfg = Release|Any CPU
		{7B4E0AA8-E9F7-471A-8997-FC364C29C446}.Release|Any CPU.Build.0 = Release|Any CPU
		{7B4E0AA8-E9F7-471A-8997-FC364C29C446}.Release|Any CPU.Deploy.0 = Release|Any CPU
		{7B4E0AA8-E9F7-471A-8997-FC364C29C446}.Release|ARM.ActiveCfg = Release|Any CPU
		{7B4E0AA8-E9F7-471A-8997-FC364C29C446}.Release|ARM.Build.0 = Release|Any CPU
		{7B4E0AA8-E9F7-471A-8997-FC364C29C446}.Release|ARM.Deploy.0 = Release|Any CPU
		{7B4E0AA8-E9F7-471A-8997-FC364C29C446}.Release|iPhone.ActiveCfg = Release|Any CPU
		{7B4E0AA8-E9F7-471A-8997-FC364C29C446}.Release|iPhone.Build.0 = Release|Any CPU
		{7B4E0AA8-E9F7-471A-8997-FC364C29C446}.Release|iPhone.Deploy.0 = Release|Any CPU
		{7B4E0AA8-E9F7-471A-8997-FC364C29C446}.Release|iPhoneSimulator.ActiveCfg = Release|Any CPU
		{7B4E0AA8-E9F7-471A-8997-FC364C29C446}.Release|iPhoneSimulator.Build.0 = Release|Any CPU
		{7B4E0AA8-E9F7-471A-8997-FC364C29C446}.Release|iPhoneSimulator.Deploy.0 = Release|Any CPU
		{7B4E0AA8-E9F7-471A-8997-FC364C29C446}.Release|x64.ActiveCfg = Release|Any CPU
		{7B4E0AA8-E9F7-471A-8997-FC364C29C446}.Release|x64.Build.0 = Release|Any CPU
		{7B4E0AA8-E9F7-471A-8997-FC364C29C446}.Release|x64.Deploy.0 = Release|Any CPU
		{7B4E0AA8-E9F7-471A-8997-FC364C29C446}.Release|x86.ActiveCfg = Release|Any CPU
		{7B4E0AA8-E9F7-471A-8997-FC364C29C446}.Release|x86.Build.0 = Release|Any CPU
		{7B4E0AA8-E9F7-471A-8997-FC364C29C446}.Release|x86.Deploy.0 = Release|Any CPU
		{DCC0DDF0-7C46-4EC8-B5C9-292E6C2C5B4A}.Ad-Hoc|Any CPU.ActiveCfg = Ad-Hoc|iPhone
		{DCC0DDF0-7C46-4EC8-B5C9-292E6C2C5B4A}.Ad-Hoc|ARM.ActiveCfg = Ad-Hoc|iPhone
		{DCC0DDF0-7C46-4EC8-B5C9-292E6C2C5B4A}.Ad-Hoc|iPhone.ActiveCfg = Ad-Hoc|iPhone
		{DCC0DDF0-7C46-4EC8-B5C9-292E6C2C5B4A}.Ad-Hoc|iPhone.Build.0 = Ad-Hoc|iPhone
		{DCC0DDF0-7C46-4EC8-B5C9-292E6C2C5B4A}.Ad-Hoc|iPhoneSimulator.ActiveCfg = Ad-Hoc|iPhoneSimulator
		{DCC0DDF0-7C46-4EC8-B5C9-292E6C2C5B4A}.Ad-Hoc|iPhoneSimulator.Build.0 = Ad-Hoc|iPhoneSimulator
		{DCC0DDF0-7C46-4EC8-B5C9-292E6C2C5B4A}.Ad-Hoc|x64.ActiveCfg = Ad-Hoc|iPhone
		{DCC0DDF0-7C46-4EC8-B5C9-292E6C2C5B4A}.Ad-Hoc|x86.ActiveCfg = Ad-Hoc|iPhone
		{DCC0DDF0-7C46-4EC8-B5C9-292E6C2C5B4A}.AppStore|Any CPU.ActiveCfg = AppStore|iPhone
		{DCC0DDF0-7C46-4EC8-B5C9-292E6C2C5B4A}.AppStore|ARM.ActiveCfg = AppStore|iPhone
		{DCC0DDF0-7C46-4EC8-B5C9-292E6C2C5B4A}.AppStore|iPhone.ActiveCfg = AppStore|iPhone
		{DCC0DDF0-7C46-4EC8-B5C9-292E6C2C5B4A}.AppStore|iPhone.Build.0 = AppStore|iPhone
		{DCC0DDF0-7C46-4EC8-B5C9-292E6C2C5B4A}.AppStore|iPhoneSimulator.ActiveCfg = AppStore|iPhoneSimulator
		{DCC0DDF0-7C46-4EC8-B5C9-292E6C2C5B4A}.AppStore|iPhoneSimulator.Build.0 = AppStore|iPhoneSimulator
		{DCC0DDF0-7C46-4EC8-B5C9-292E6C2C5B4A}.AppStore|x64.ActiveCfg = AppStore|iPhone
		{DCC0DDF0-7C46-4EC8-B5C9-292E6C2C5B4A}.AppStore|x86.ActiveCfg = AppStore|iPhone
		{DCC0DDF0-7C46-4EC8-B5C9-292E6C2C5B4A}.Debug|Any CPU.ActiveCfg = Debug|iPhone
		{DCC0DDF0-7C46-4EC8-B5C9-292E6C2C5B4A}.Debug|ARM.ActiveCfg = Debug|iPhone
		{DCC0DDF0-7C46-4EC8-B5C9-292E6C2C5B4A}.Debug|iPhone.ActiveCfg = Debug|iPhone
		{DCC0DDF0-7C46-4EC8-B5C9-292E6C2C5B4A}.Debug|iPhone.Build.0 = Debug|iPhone
		{DCC0DDF0-7C46-4EC8-B5C9-292E6C2C5B4A}.Debug|iPhoneSimulator.ActiveCfg = Debug|iPhoneSimulator
		{DCC0DDF0-7C46-4EC8-B5C9-292E6C2C5B4A}.Debug|iPhoneSimulator.Build.0 = Debug|iPhoneSimulator
		{DCC0DDF0-7C46-4EC8-B5C9-292E6C2C5B4A}.Debug|x64.ActiveCfg = Debug|iPhone
		{DCC0DDF0-7C46-4EC8-B5C9-292E6C2C5B4A}.Debug|x86.ActiveCfg = Debug|iPhone
		{DCC0DDF0-7C46-4EC8-B5C9-292E6C2C5B4A}.Release|Any CPU.ActiveCfg = Release|iPhone
		{DCC0DDF0-7C46-4EC8-B5C9-292E6C2C5B4A}.Release|ARM.ActiveCfg = Release|iPhone
		{DCC0DDF0-7C46-4EC8-B5C9-292E6C2C5B4A}.Release|iPhone.ActiveCfg = Release|iPhone
		{DCC0DDF0-7C46-4EC8-B5C9-292E6C2C5B4A}.Release|iPhone.Build.0 = Release|iPhone
		{DCC0DDF0-7C46-4EC8-B5C9-292E6C2C5B4A}.Release|iPhoneSimulator.ActiveCfg = Release|iPhoneSimulator
		{DCC0DDF0-7C46-4EC8-B5C9-292E6C2C5B4A}.Release|iPhoneSimulator.Build.0 = Release|iPhoneSimulator
		{DCC0DDF0-7C46-4EC8-B5C9-292E6C2C5B4A}.Release|x64.ActiveCfg = Release|iPhone
		{DCC0DDF0-7C46-4EC8-B5C9-292E6C2C5B4A}.Release|x86.ActiveCfg = Release|iPhone
		{EF944BA4-A195-42F6-ACBD-289903166323}.Ad-Hoc|Any CPU.ActiveCfg = Release|x86
		{EF944BA4-A195-42F6-ACBD-289903166323}.Ad-Hoc|Any CPU.Build.0 = Release|x86
		{EF944BA4-A195-42F6-ACBD-289903166323}.Ad-Hoc|Any CPU.Deploy.0 = Release|x86
		{EF944BA4-A195-42F6-ACBD-289903166323}.Ad-Hoc|ARM.ActiveCfg = Release|ARM
		{EF944BA4-A195-42F6-ACBD-289903166323}.Ad-Hoc|ARM.Build.0 = Release|ARM
		{EF944BA4-A195-42F6-ACBD-289903166323}.Ad-Hoc|ARM.Deploy.0 = Release|ARM
		{EF944BA4-A195-42F6-ACBD-289903166323}.Ad-Hoc|iPhone.ActiveCfg = Release|x86
		{EF944BA4-A195-42F6-ACBD-289903166323}.Ad-Hoc|iPhone.Build.0 = Release|x86
		{EF944BA4-A195-42F6-ACBD-289903166323}.Ad-Hoc|iPhone.Deploy.0 = Release|x86
		{EF944BA4-A195-42F6-ACBD-289903166323}.Ad-Hoc|iPhoneSimulator.ActiveCfg = Release|x86
		{EF944BA4-A195-42F6-ACBD-289903166323}.Ad-Hoc|iPhoneSimulator.Build.0 = Release|x86
		{EF944BA4-A195-42F6-ACBD-289903166323}.Ad-Hoc|iPhoneSimulator.Deploy.0 = Release|x86
		{EF944BA4-A195-42F6-ACBD-289903166323}.Ad-Hoc|x64.ActiveCfg = Release|x64
		{EF944BA4-A195-42F6-ACBD-289903166323}.Ad-Hoc|x64.Build.0 = Release|x64
		{EF944BA4-A195-42F6-ACBD-289903166323}.Ad-Hoc|x64.Deploy.0 = Release|x64
		{EF944BA4-A195-42F6-ACBD-289903166323}.Ad-Hoc|x86.ActiveCfg = Release|x86
		{EF944BA4-A195-42F6-ACBD-289903166323}.Ad-Hoc|x86.Build.0 = Release|x86
		{EF944BA4-A195-42F6-ACBD-289903166323}.Ad-Hoc|x86.Deploy.0 = Release|x86
		{EF944BA4-A195-42F6-ACBD-289903166323}.AppStore|Any CPU.ActiveCfg = Release|x86
		{EF944BA4-A195-42F6-ACBD-289903166323}.AppStore|Any CPU.Build.0 = Release|x86
		{EF944BA4-A195-42F6-ACBD-289903166323}.AppStore|Any CPU.Deploy.0 = Release|x86
		{EF944BA4-A195-42F6-ACBD-289903166323}.AppStore|ARM.ActiveCfg = Release|ARM
		{EF944BA4-A195-42F6-ACBD-289903166323}.AppStore|ARM.Build.0 = Release|ARM
		{EF944BA4-A195-42F6-ACBD-289903166323}.AppStore|ARM.Deploy.0 = Release|ARM
		{EF944BA4-A195-42F6-ACBD-289903166323}.AppStore|iPhone.ActiveCfg = Release|x86
		{EF944BA4-A195-42F6-ACBD-289903166323}.AppStore|iPhone.Build.0 = Release|x86
		{EF944BA4-A195-42F6-ACBD-289903166323}.AppStore|iPhone.Deploy.0 = Release|x86
		{EF944BA4-A195-42F6-ACBD-289903166323}.AppStore|iPhoneSimulator.ActiveCfg = Release|x86
		{EF944BA4-A195-42F6-ACBD-289903166323}.AppStore|iPhoneSimulator.Build.0 = Release|x86
		{EF944BA4-A195-42F6-ACBD-289903166323}.AppStore|iPhoneSimulator.Deploy.0 = Release|x86
		{EF944BA4-A195-42F6-ACBD-289903166323}.AppStore|x64.ActiveCfg = Release|x64
		{EF944BA4-A195-42F6-ACBD-289903166323}.AppStore|x64.Build.0 = Release|x64
		{EF944BA4-A195-42F6-ACBD-289903166323}.AppStore|x64.Deploy.0 = Release|x64
		{EF944BA4-A195-42F6-ACBD-289903166323}.AppStore|x86.ActiveCfg = Release|x86
		{EF944BA4-A195-42F6-ACBD-289903166323}.AppStore|x86.Build.0 = Release|x86
		{EF944BA4-A195-42F6-ACBD-289903166323}.AppStore|x86.Deploy.0 = Release|x86
		{EF944BA4-A195-42F6-ACBD-289903166323}.Debug|Any CPU.ActiveCfg = Debug|x86
		{EF944BA4-A195-42F6-ACBD-289903166323}.Debug|ARM.ActiveCfg = Debug|ARM
		{EF944BA4-A195-42F6-ACBD-289903166323}.Debug|ARM.Build.0 = Debug|ARM
		{EF944BA4-A195-42F6-ACBD-289903166323}.Debug|ARM.Deploy.0 = Debug|ARM
		{EF944BA4-A195-42F6-ACBD-289903166323}.Debug|iPhone.ActiveCfg = Debug|x86
		{EF944BA4-A195-42F6-ACBD-289903166323}.Debug|iPhoneSimulator.ActiveCfg = Debug|x86
		{EF944BA4-A195-42F6-ACBD-289903166323}.Debug|x64.ActiveCfg = Debug|x64
		{EF944BA4-A195-42F6-ACBD-289903166323}.Debug|x64.Build.0 = Debug|x64
		{EF944BA4-A195-42F6-ACBD-289903166323}.Debug|x64.Deploy.0 = Debug|x64
		{EF944BA4-A195-42F6-ACBD-289903166323}.Debug|x86.ActiveCfg = Debug|x86
		{EF944BA4-A195-42F6-ACBD-289903166323}.Debug|x86.Build.0 = Debug|x86
		{EF944BA4-A195-42F6-ACBD-289903166323}.Debug|x86.Deploy.0 = Debug|x86
		{EF944BA4-A195-42F6-ACBD-289903166323}.Release|Any CPU.ActiveCfg = Release|x86
		{EF944BA4-A195-42F6-ACBD-289903166323}.Release|ARM.ActiveCfg = Release|ARM
		{EF944BA4-A195-42F6-ACBD-289903166323}.Release|ARM.Build.0 = Release|ARM
		{EF944BA4-A195-42F6-ACBD-289903166323}.Release|ARM.Deploy.0 = Release|ARM
		{EF944BA4-A195-42F6-ACBD-289903166323}.Release|iPhone.ActiveCfg = Release|x86
		{EF944BA4-A195-42F6-ACBD-289903166323}.Release|iPhoneSimulator.ActiveCfg = Release|x86
		{EF944BA4-A195-42F6-ACBD-289903166323}.Release|x64.ActiveCfg = Release|x64
		{EF944BA4-A195-42F6-ACBD-289903166323}.Release|x64.Build.0 = Release|x64
		{EF944BA4-A195-42F6-ACBD-289903166323}.Release|x64.Deploy.0 = Release|x64
		{EF944BA4-A195-42F6-ACBD-289903166323}.Release|x86.ActiveCfg = Release|x86
		{EF944BA4-A195-42F6-ACBD-289903166323}.Release|x86.Build.0 = Release|x86
		{EF944BA4-A195-42F6-ACBD-289903166323}.Release|x86.Deploy.0 = Release|x86
	EndGlobalSection
	GlobalSection(SolutionProperties) = preSolution
		HideSolutionNode = FALSE
	EndGlobalSection
	GlobalSection(ExtensibilityGlobals) = postSolution
		SolutionGuid = {D4B2F503-1AD0-43A5-9D3D-561F8C38BC43}
	EndGlobalSection
EndGlobal
