
Microsoft Visual Studio Solution File, Format Version 12.00
# Visual Studio Version 16
VisualStudioVersion = 16.0.28729.10
MinimumVisualStudioVersion = 10.0.40219.1
Project("{FAE04EC0-301F-11D3-BF4B-00C04F79EFBC}") = "FileAccess", "FileAccess\FileAccess\FileAccess.csproj", "{F4F03766-9968-4CC1-A7D3-2E3379C7257D}"
EndProject
Project("{FAE04EC0-301F-11D3-BF4B-00C04F79EFBC}") = "FileAccess.Android", "FileAccess\FileAccess.Android\FileAccess.Android.csproj", "{0C57E267-D249-44BA-ACF3-B7BBE5FB9627}"
EndProject
Project("{FAE04EC0-301F-11D3-BF4B-00C04F79EFBC}") = "FileAccess.iOS", "FileAccess\FileAccess.iOS\FileAccess.iOS.csproj", "{62EA97EF-5D0A-4FE1-8636-17EF43A9B567}"
EndProject
Project("{FAE04EC0-301F-11D3-BF4B-00C04F79EFBC}") = "FileAccess.UWP", "FileAccess\FileAccess.UWP\FileAccess.UWP.csproj", "{C25238D6-A02D-4DFE-8B4D-7C1ED960A888}"
EndProject
Global
	GlobalSection(SolutionConfigurationPlatforms) = preSolution
		Ad-Hoc|Any CPU = Ad-Hoc|Any CPU
		Ad-Hoc|ARM = Ad-Hoc|ARM
		Ad-Hoc|iPhone = Ad-Hoc|iPhone
		Ad-Hoc|iPhoneSimulator = Ad-Hoc|iPhoneSimulator
		Ad-Hoc|x64 = Ad-Hoc|x64
		Ad-Hoc|x86 = Ad-Hoc|x86
		AppStore|Any CPU = AppStore|Any CPU
		AppStore|ARM = AppStore|ARM
		AppStore|iPhone = AppStore|iPhone
		AppStore|iPhoneSimulator = AppStore|iPhoneSimulator
		AppStore|x64 = AppStore|x64
		AppStore|x86 = AppStore|x86
		Debug|Any CPU = Debug|Any CPU
		Debug|ARM = Debug|ARM
		Debug|iPhone = Debug|iPhone
		Debug|iPhoneSimulator = Debug|iPhoneSimulator
		Debug|x64 = Debug|x64
		Debug|x86 = Debug|x86
		Release|Any CPU = Release|Any CPU
		Release|ARM = Release|ARM
		Release|iPhone = Release|iPhone
		Release|iPhoneSimulator = Release|iPhoneSimulator
		Release|x64 = Release|x64
		Release|x86 = Release|x86
	EndGlobalSection
	GlobalSection(ProjectConfigurationPlatforms) = postSolution
		{F4F03766-9968-4CC1-A7D3-2E3379C7257D}.Ad-Hoc|Any CPU.ActiveCfg = Debug|Any CPU
		{F4F03766-9968-4CC1-A7D3-2E3379C7257D}.Ad-Hoc|Any CPU.Build.0 = Debug|Any CPU
		{F4F03766-9968-4CC1-A7D3-2E3379C7257D}.Ad-Hoc|ARM.ActiveCfg = Debug|Any CPU
		{F4F03766-9968-4CC1-A7D3-2E3379C7257D}.Ad-Hoc|ARM.Build.0 = Debug|Any CPU
		{F4F03766-9968-4CC1-A7D3-2E3379C7257D}.Ad-Hoc|iPhone.ActiveCfg = Debug|Any CPU
		{F4F03766-9968-4CC1-A7D3-2E3379C7257D}.Ad-Hoc|iPhone.Build.0 = Debug|Any CPU
		{F4F03766-9968-4CC1-A7D3-2E3379C7257D}.Ad-Hoc|iPhoneSimulator.ActiveCfg = Debug|Any CPU
		{F4F03766-9968-4CC1-A7D3-2E3379C7257D}.Ad-Hoc|iPhoneSimulator.Build.0 = Debug|Any CPU
		{F4F03766-9968-4CC1-A7D3-2E3379C7257D}.Ad-Hoc|x64.ActiveCfg = Debug|Any CPU
		{F4F03766-9968-4CC1-A7D3-2E3379C7257D}.Ad-Hoc|x64.Build.0 = Debug|Any CPU
		{F4F03766-9968-4CC1-A7D3-2E3379C7257D}.Ad-Hoc|x86.ActiveCfg = Debug|Any CPU
		{F4F03766-9968-4CC1-A7D3-2E3379C7257D}.Ad-Hoc|x86.Build.0 = Debug|Any CPU
		{F4F03766-9968-4CC1-A7D3-2E3379C7257D}.AppStore|Any CPU.ActiveCfg = Debug|Any CPU
		{F4F03766-9968-4CC1-A7D3-2E3379C7257D}.AppStore|Any CPU.Build.0 = Debug|Any CPU
		{F4F03766-9968-4CC1-A7D3-2E3379C7257D}.AppStore|ARM.ActiveCfg = Debug|Any CPU
		{F4F03766-9968-4CC1-A7D3-2E3379C7257D}.AppStore|ARM.Build.0 = Debug|Any CPU
		{F4F03766-9968-4CC1-A7D3-2E3379C7257D}.AppStore|iPhone.ActiveCfg = Debug|Any CPU
		{F4F03766-9968-4CC1-A7D3-2E3379C7257D}.AppStore|iPhone.Build.0 = Debug|Any CPU
		{F4F03766-9968-4CC1-A7D3-2E3379C7257D}.AppStore|iPhoneSimulator.ActiveCfg = Debug|Any CPU
		{F4F03766-9968-4CC1-A7D3-2E3379C7257D}.AppStore|iPhoneSimulator.Build.0 = Debug|Any CPU
		{F4F03766-9968-4CC1-A7D3-2E3379C7257D}.AppStore|x64.ActiveCfg = Debug|Any CPU
		{F4F03766-9968-4CC1-A7D3-2E3379C7257D}.AppStore|x64.Build.0 = Debug|Any CPU
		{F4F03766-9968-4CC1-A7D3-2E3379C7257D}.AppStore|x86.ActiveCfg = Debug|Any CPU
		{F4F03766-9968-4CC1-A7D3-2E3379C7257D}.AppStore|x86.Build.0 = Debug|Any CPU
		{F4F03766-9968-4CC1-A7D3-2E3379C7257D}.Debug|Any CPU.ActiveCfg = Debug|Any CPU
		{F4F03766-9968-4CC1-A7D3-2E3379C7257D}.Debug|Any CPU.Build.0 = Debug|Any CPU
		{F4F03766-9968-4CC1-A7D3-2E3379C7257D}.Debug|ARM.ActiveCfg = Debug|Any CPU
		{F4F03766-9968-4CC1-A7D3-2E3379C7257D}.Debug|ARM.Build.0 = Debug|Any CPU
		{F4F03766-9968-4CC1-A7D3-2E3379C7257D}.Debug|iPhone.ActiveCfg = Debug|Any CPU
		{F4F03766-9968-4CC1-A7D3-2E3379C7257D}.Debug|iPhone.Build.0 = Debug|Any CPU
		{F4F03766-9968-4CC1-A7D3-2E3379C7257D}.Debug|iPhoneSimulator.ActiveCfg = Debug|Any CPU
		{F4F03766-9968-4CC1-A7D3-2E3379C7257D}.Debug|iPhoneSimulator.Build.0 = Debug|Any CPU
		{F4F03766-9968-4CC1-A7D3-2E3379C7257D}.Debug|x64.ActiveCfg = Debug|Any CPU
		{F4F03766-9968-4CC1-A7D3-2E3379C7257D}.Debug|x64.Build.0 = Debug|Any CPU
		{F4F03766-9968-4CC1-A7D3-2E3379C7257D}.Debug|x86.ActiveCfg = Debug|Any CPU
		{F4F03766-9968-4CC1-A7D3-2E3379C7257D}.Debug|x86.Build.0 = Debug|Any CPU
		{F4F03766-9968-4CC1-A7D3-2E3379C7257D}.Release|Any CPU.ActiveCfg = Release|Any CPU
		{F4F03766-9968-4CC1-A7D3-2E3379C7257D}.Release|Any CPU.Build.0 = Release|Any CPU
		{F4F03766-9968-4CC1-A7D3-2E3379C7257D}.Release|ARM.ActiveCfg = Release|Any CPU
		{F4F03766-9968-4CC1-A7D3-2E3379C7257D}.Release|ARM.Build.0 = Release|Any CPU
		{F4F03766-9968-4CC1-A7D3-2E3379C7257D}.Release|iPhone.ActiveCfg = Release|Any CPU
		{F4F03766-9968-4CC1-A7D3-2E3379C7257D}.Release|iPhone.Build.0 = Release|Any CPU
		{F4F03766-9968-4CC1-A7D3-2E3379C7257D}.Release|iPhoneSimulator.ActiveCfg = Release|Any CPU
		{F4F03766-9968-4CC1-A7D3-2E3379C7257D}.Release|iPhoneSimulator.Build.0 = Release|Any CPU
		{F4F03766-9968-4CC1-A7D3-2E3379C7257D}.Release|x64.ActiveCfg = Release|Any CPU
		{F4F03766-9968-4CC1-A7D3-2E3379C7257D}.Release|x64.Build.0 = Release|Any CPU
		{F4F03766-9968-4CC1-A7D3-2E3379C7257D}.Release|x86.ActiveCfg = Release|Any CPU
		{F4F03766-9968-4CC1-A7D3-2E3379C7257D}.Release|x86.Build.0 = Release|Any CPU
		{0C57E267-D249-44BA-ACF3-B7BBE5FB9627}.Ad-Hoc|Any CPU.ActiveCfg = Release|Any CPU
		{0C57E267-D249-44BA-ACF3-B7BBE5FB9627}.Ad-Hoc|Any CPU.Build.0 = Release|Any CPU
		{0C57E267-D249-44BA-ACF3-B7BBE5FB9627}.Ad-Hoc|Any CPU.Deploy.0 = Release|Any CPU
		{0C57E267-D249-44BA-ACF3-B7BBE5FB9627}.Ad-Hoc|ARM.ActiveCfg = Release|Any CPU
		{0C57E267-D249-44BA-ACF3-B7BBE5FB9627}.Ad-Hoc|ARM.Build.0 = Release|Any CPU
		{0C57E267-D249-44BA-ACF3-B7BBE5FB9627}.Ad-Hoc|ARM.Deploy.0 = Release|Any CPU
		{0C57E267-D249-44BA-ACF3-B7BBE5FB9627}.Ad-Hoc|iPhone.ActiveCfg = Release|Any CPU
		{0C57E267-D249-44BA-ACF3-B7BBE5FB9627}.Ad-Hoc|iPhone.Build.0 = Release|Any CPU
		{0C57E267-D249-44BA-ACF3-B7BBE5FB9627}.Ad-Hoc|iPhone.Deploy.0 = Release|Any CPU
		{0C57E267-D249-44BA-ACF3-B7BBE5FB9627}.Ad-Hoc|iPhoneSimulator.ActiveCfg = Release|Any CPU
		{0C57E267-D249-44BA-ACF3-B7BBE5FB9627}.Ad-Hoc|iPhoneSimulator.Build.0 = Release|Any CPU
		{0C57E267-D249-44BA-ACF3-B7BBE5FB9627}.Ad-Hoc|iPhoneSimulator.Deploy.0 = Release|Any CPU
		{0C57E267-D249-44BA-ACF3-B7BBE5FB9627}.Ad-Hoc|x64.ActiveCfg = Release|Any CPU
		{0C57E267-D249-44BA-ACF3-B7BBE5FB9627}.Ad-Hoc|x64.Build.0 = Release|Any CPU
		{0C57E267-D249-44BA-ACF3-B7BBE5FB9627}.Ad-Hoc|x64.Deploy.0 = Release|Any CPU
		{0C57E267-D249-44BA-ACF3-B7BBE5FB9627}.Ad-Hoc|x86.ActiveCfg = Release|Any CPU
		{0C57E267-D249-44BA-ACF3-B7BBE5FB9627}.Ad-Hoc|x86.Build.0 = Release|Any CPU
		{0C57E267-D249-44BA-ACF3-B7BBE5FB9627}.Ad-Hoc|x86.Deploy.0 = Release|Any CPU
		{0C57E267-D249-44BA-ACF3-B7BBE5FB9627}.AppStore|Any CPU.ActiveCfg = Release|Any CPU
		{0C57E267-D249-44BA-ACF3-B7BBE5FB9627}.AppStore|Any CPU.Build.0 = Release|Any CPU
		{0C57E267-D249-44BA-ACF3-B7BBE5FB9627}.AppStore|Any CPU.Deploy.0 = Release|Any CPU
		{0C57E267-D249-44BA-ACF3-B7BBE5FB9627}.AppStore|ARM.ActiveCfg = Release|Any CPU
		{0C57E267-D249-44BA-ACF3-B7BBE5FB9627}.AppStore|ARM.Build.0 = Release|Any CPU
		{0C57E267-D249-44BA-ACF3-B7BBE5FB9627}.AppStore|ARM.Deploy.0 = Release|Any CPU
		{0C57E267-D249-44BA-ACF3-B7BBE5FB9627}.AppStore|iPhone.ActiveCfg = Release|Any CPU
		{0C57E267-D249-44BA-ACF3-B7BBE5FB9627}.AppStore|iPhone.Build.0 = Release|Any CPU
		{0C57E267-D249-44BA-ACF3-B7BBE5FB9627}.AppStore|iPhone.Deploy.0 = Release|Any CPU
		{0C57E267-D249-44BA-ACF3-B7BBE5FB9627}.AppStore|iPhoneSimulator.ActiveCfg = Release|Any CPU
		{0C57E267-D249-44BA-ACF3-B7BBE5FB9627}.AppStore|iPhoneSimulator.Build.0 = Release|Any CPU
		{0C57E267-D249-44BA-ACF3-B7BBE5FB9627}.AppStore|iPhoneSimulator.Deploy.0 = Release|Any CPU
		{0C57E267-D249-44BA-ACF3-B7BBE5FB9627}.AppStore|x64.ActiveCfg = Release|Any CPU
		{0C57E267-D249-44BA-ACF3-B7BBE5FB9627}.AppStore|x64.Build.0 = Release|Any CPU
		{0C57E267-D249-44BA-ACF3-B7BBE5FB9627}.AppStore|x64.Deploy.0 = Release|Any CPU
		{0C57E267-D249-44BA-ACF3-B7BBE5FB9627}.AppStore|x86.ActiveCfg = Release|Any CPU
		{0C57E267-D249-44BA-ACF3-B7BBE5FB9627}.AppStore|x86.Build.0 = Release|Any CPU
		{0C57E267-D249-44BA-ACF3-B7BBE5FB9627}.AppStore|x86.Deploy.0 = Release|Any CPU
		{0C57E267-D249-44BA-ACF3-B7BBE5FB9627}.Debug|Any CPU.ActiveCfg = Debug|Any CPU
		{0C57E267-D249-44BA-ACF3-B7BBE5FB9627}.Debug|Any CPU.Build.0 = Debug|Any CPU
		{0C57E267-D249-44BA-ACF3-B7BBE5FB9627}.Debug|Any CPU.Deploy.0 = Debug|Any CPU
		{0C57E267-D249-44BA-ACF3-B7BBE5FB9627}.Debug|ARM.ActiveCfg = Debug|Any CPU
		{0C57E267-D249-44BA-ACF3-B7BBE5FB9627}.Debug|ARM.Build.0 = Debug|Any CPU
		{0C57E267-D249-44BA-ACF3-B7BBE5FB9627}.Debug|ARM.Deploy.0 = Debug|Any CPU
		{0C57E267-D249-44BA-ACF3-B7BBE5FB9627}.Debug|iPhone.ActiveCfg = Debug|Any CPU
		{0C57E267-D249-44BA-ACF3-B7BBE5FB9627}.Debug|iPhone.Build.0 = Debug|Any CPU
		{0C57E267-D249-44BA-ACF3-B7BBE5FB9627}.Debug|iPhone.Deploy.0 = Debug|Any CPU
		{0C57E267-D249-44BA-ACF3-B7BBE5FB9627}.Debug|iPhoneSimulator.ActiveCfg = Debug|Any CPU
		{0C57E267-D249-44BA-ACF3-B7BBE5FB9627}.Debug|iPhoneSimulator.Build.0 = Debug|Any CPU
		{0C57E267-D249-44BA-ACF3-B7BBE5FB9627}.Debug|iPhoneSimulator.Deploy.0 = Debug|Any CPU
		{0C57E267-D249-44BA-ACF3-B7BBE5FB9627}.Debug|x64.ActiveCfg = Debug|Any CPU
		{0C57E267-D249-44BA-ACF3-B7BBE5FB9627}.Debug|x64.Build.0 = Debug|Any CPU
		{0C57E267-D249-44BA-ACF3-B7BBE5FB9627}.Debug|x64.Deploy.0 = Debug|Any CPU
		{0C57E267-D249-44BA-ACF3-B7BBE5FB9627}.Debug|x86.ActiveCfg = Debug|Any CPU
		{0C57E267-D249-44BA-ACF3-B7BBE5FB9627}.Debug|x86.Build.0 = Debug|Any CPU
		{0C57E267-D249-44BA-ACF3-B7BBE5FB9627}.Debug|x86.Deploy.0 = Debug|Any CPU
		{0C57E267-D249-44BA-ACF3-B7BBE5FB9627}.Release|Any CPU.ActiveCfg = Release|Any CPU
		{0C57E267-D249-44BA-ACF3-B7BBE5FB9627}.Release|Any CPU.Build.0 = Release|Any CPU
		{0C57E267-D249-44BA-ACF3-B7BBE5FB9627}.Release|Any CPU.Deploy.0 = Release|Any CPU
		{0C57E267-D249-44BA-ACF3-B7BBE5FB9627}.Release|ARM.ActiveCfg = Release|Any CPU
		{0C57E267-D249-44BA-ACF3-B7BBE5FB9627}.Release|ARM.Build.0 = Release|Any CPU
		{0C57E267-D249-44BA-ACF3-B7BBE5FB9627}.Release|ARM.Deploy.0 = Release|Any CPU
		{0C57E267-D249-44BA-ACF3-B7BBE5FB9627}.Release|iPhone.ActiveCfg = Release|Any CPU
		{0C57E267-D249-44BA-ACF3-B7BBE5FB9627}.Release|iPhone.Build.0 = Release|Any CPU
		{0C57E267-D249-44BA-ACF3-B7BBE5FB9627}.Release|iPhone.Deploy.0 = Release|Any CPU
		{0C57E267-D249-44BA-ACF3-B7BBE5FB9627}.Release|iPhoneSimulator.ActiveCfg = Release|Any CPU
		{0C57E267-D249-44BA-ACF3-B7BBE5FB9627}.Release|iPhoneSimulator.Build.0 = Release|Any CPU
		{0C57E267-D249-44BA-ACF3-B7BBE5FB9627}.Release|iPhoneSimulator.Deploy.0 = Release|Any CPU
		{0C57E267-D249-44BA-ACF3-B7BBE5FB9627}.Release|x64.ActiveCfg = Release|Any CPU
		{0C57E267-D249-44BA-ACF3-B7BBE5FB9627}.Release|x64.Build.0 = Release|Any CPU
		{0C57E267-D249-44BA-ACF3-B7BBE5FB9627}.Release|x64.Deploy.0 = Release|Any CPU
		{0C57E267-D249-44BA-ACF3-B7BBE5FB9627}.Release|x86.ActiveCfg = Release|Any CPU
		{0C57E267-D249-44BA-ACF3-B7BBE5FB9627}.Release|x86.Build.0 = Release|Any CPU
		{0C57E267-D249-44BA-ACF3-B7BBE5FB9627}.Release|x86.Deploy.0 = Release|Any CPU
		{62EA97EF-5D0A-4FE1-8636-17EF43A9B567}.Ad-Hoc|Any CPU.ActiveCfg = Ad-Hoc|iPhone
		{62EA97EF-5D0A-4FE1-8636-17EF43A9B567}.Ad-Hoc|ARM.ActiveCfg = Ad-Hoc|iPhone
		{62EA97EF-5D0A-4FE1-8636-17EF43A9B567}.Ad-Hoc|iPhone.ActiveCfg = Ad-Hoc|iPhone
		{62EA97EF-5D0A-4FE1-8636-17EF43A9B567}.Ad-Hoc|iPhone.Build.0 = Ad-Hoc|iPhone
		{62EA97EF-5D0A-4FE1-8636-17EF43A9B567}.Ad-Hoc|iPhoneSimulator.ActiveCfg = Ad-Hoc|iPhoneSimulator
		{62EA97EF-5D0A-4FE1-8636-17EF43A9B567}.Ad-Hoc|iPhoneSimulator.Build.0 = Ad-Hoc|iPhoneSimulator
		{62EA97EF-5D0A-4FE1-8636-17EF43A9B567}.Ad-Hoc|x64.ActiveCfg = Ad-Hoc|iPhone
		{62EA97EF-5D0A-4FE1-8636-17EF43A9B567}.Ad-Hoc|x86.ActiveCfg = Ad-Hoc|iPhone
		{62EA97EF-5D0A-4FE1-8636-17EF43A9B567}.AppStore|Any CPU.ActiveCfg = AppStore|iPhone
		{62EA97EF-5D0A-4FE1-8636-17EF43A9B567}.AppStore|ARM.ActiveCfg = AppStore|iPhone
		{62EA97EF-5D0A-4FE1-8636-17EF43A9B567}.AppStore|iPhone.ActiveCfg = AppStore|iPhone
		{62EA97EF-5D0A-4FE1-8636-17EF43A9B567}.AppStore|iPhone.Build.0 = AppStore|iPhone
		{62EA97EF-5D0A-4FE1-8636-17EF43A9B567}.AppStore|iPhoneSimulator.ActiveCfg = AppStore|iPhoneSimulator
		{62EA97EF-5D0A-4FE1-8636-17EF43A9B567}.AppStore|iPhoneSimulator.Build.0 = AppStore|iPhoneSimulator
		{62EA97EF-5D0A-4FE1-8636-17EF43A9B567}.AppStore|x64.ActiveCfg = AppStore|iPhone
		{62EA97EF-5D0A-4FE1-8636-17EF43A9B567}.AppStore|x86.ActiveCfg = AppStore|iPhone
		{62EA97EF-5D0A-4FE1-8636-17EF43A9B567}.Debug|Any CPU.ActiveCfg = Debug|iPhone
		{62EA97EF-5D0A-4FE1-8636-17EF43A9B567}.Debug|ARM.ActiveCfg = Debug|iPhone
		{62EA97EF-5D0A-4FE1-8636-17EF43A9B567}.Debug|iPhone.ActiveCfg = Debug|iPhone
		{62EA97EF-5D0A-4FE1-8636-17EF43A9B567}.Debug|iPhone.Build.0 = Debug|iPhone
		{62EA97EF-5D0A-4FE1-8636-17EF43A9B567}.Debug|iPhoneSimulator.ActiveCfg = Debug|iPhoneSimulator
		{62EA97EF-5D0A-4FE1-8636-17EF43A9B567}.Debug|iPhoneSimulator.Build.0 = Debug|iPhoneSimulator
		{62EA97EF-5D0A-4FE1-8636-17EF43A9B567}.Debug|x64.ActiveCfg = Debug|iPhone
		{62EA97EF-5D0A-4FE1-8636-17EF43A9B567}.Debug|x86.ActiveCfg = Debug|iPhone
		{62EA97EF-5D0A-4FE1-8636-17EF43A9B567}.Release|Any CPU.ActiveCfg = Release|iPhone
		{62EA97EF-5D0A-4FE1-8636-17EF43A9B567}.Release|ARM.ActiveCfg = Release|iPhone
		{62EA97EF-5D0A-4FE1-8636-17EF43A9B567}.Release|iPhone.ActiveCfg = Release|iPhone
		{62EA97EF-5D0A-4FE1-8636-17EF43A9B567}.Release|iPhone.Build.0 = Release|iPhone
		{62EA97EF-5D0A-4FE1-8636-17EF43A9B567}.Release|iPhoneSimulator.ActiveCfg = Release|iPhoneSimulator
		{62EA97EF-5D0A-4FE1-8636-17EF43A9B567}.Release|iPhoneSimulator.Build.0 = Release|iPhoneSimulator
		{62EA97EF-5D0A-4FE1-8636-17EF43A9B567}.Release|x64.ActiveCfg = Release|iPhone
		{62EA97EF-5D0A-4FE1-8636-17EF43A9B567}.Release|x86.ActiveCfg = Release|iPhone
		{C25238D6-A02D-4DFE-8B4D-7C1ED960A888}.Ad-Hoc|Any CPU.ActiveCfg = Release|x86
		{C25238D6-A02D-4DFE-8B4D-7C1ED960A888}.Ad-Hoc|Any CPU.Build.0 = Release|x86
		{C25238D6-A02D-4DFE-8B4D-7C1ED960A888}.Ad-Hoc|Any CPU.Deploy.0 = Release|x86
		{C25238D6-A02D-4DFE-8B4D-7C1ED960A888}.Ad-Hoc|ARM.ActiveCfg = Release|ARM
		{C25238D6-A02D-4DFE-8B4D-7C1ED960A888}.Ad-Hoc|ARM.Build.0 = Release|ARM
		{C25238D6-A02D-4DFE-8B4D-7C1ED960A888}.Ad-Hoc|ARM.Deploy.0 = Release|ARM
		{C25238D6-A02D-4DFE-8B4D-7C1ED960A888}.Ad-Hoc|iPhone.ActiveCfg = Release|x86
		{C25238D6-A02D-4DFE-8B4D-7C1ED960A888}.Ad-Hoc|iPhone.Build.0 = Release|x86
		{C25238D6-A02D-4DFE-8B4D-7C1ED960A888}.Ad-Hoc|iPhone.Deploy.0 = Release|x86
		{C25238D6-A02D-4DFE-8B4D-7C1ED960A888}.Ad-Hoc|iPhoneSimulator.ActiveCfg = Release|x86
		{C25238D6-A02D-4DFE-8B4D-7C1ED960A888}.Ad-Hoc|iPhoneSimulator.Build.0 = Release|x86
		{C25238D6-A02D-4DFE-8B4D-7C1ED960A888}.Ad-Hoc|iPhoneSimulator.Deploy.0 = Release|x86
		{C25238D6-A02D-4DFE-8B4D-7C1ED960A888}.Ad-Hoc|x64.ActiveCfg = Release|x64
		{C25238D6-A02D-4DFE-8B4D-7C1ED960A888}.Ad-Hoc|x64.Build.0 = Release|x64
		{C25238D6-A02D-4DFE-8B4D-7C1ED960A888}.Ad-Hoc|x64.Deploy.0 = Release|x64
		{C25238D6-A02D-4DFE-8B4D-7C1ED960A888}.Ad-Hoc|x86.ActiveCfg = Release|x86
		{C25238D6-A02D-4DFE-8B4D-7C1ED960A888}.Ad-Hoc|x86.Build.0 = Release|x86
		{C25238D6-A02D-4DFE-8B4D-7C1ED960A888}.Ad-Hoc|x86.Deploy.0 = Release|x86
		{C25238D6-A02D-4DFE-8B4D-7C1ED960A888}.AppStore|Any CPU.ActiveCfg = Release|x86
		{C25238D6-A02D-4DFE-8B4D-7C1ED960A888}.AppStore|Any CPU.Build.0 = Release|x86
		{C25238D6-A02D-4DFE-8B4D-7C1ED960A888}.AppStore|Any CPU.Deploy.0 = Release|x86
		{C25238D6-A02D-4DFE-8B4D-7C1ED960A888}.AppStore|ARM.ActiveCfg = Release|ARM
		{C25238D6-A02D-4DFE-8B4D-7C1ED960A888}.AppStore|ARM.Build.0 = Release|ARM
		{C25238D6-A02D-4DFE-8B4D-7C1ED960A888}.AppStore|ARM.Deploy.0 = Release|ARM
		{C25238D6-A02D-4DFE-8B4D-7C1ED960A888}.AppStore|iPhone.ActiveCfg = Release|x86
		{C25238D6-A02D-4DFE-8B4D-7C1ED960A888}.AppStore|iPhone.Build.0 = Release|x86
		{C25238D6-A02D-4DFE-8B4D-7C1ED960A888}.AppStore|iPhone.Deploy.0 = Release|x86
		{C25238D6-A02D-4DFE-8B4D-7C1ED960A888}.AppStore|iPhoneSimulator.ActiveCfg = Release|x86
		{C25238D6-A02D-4DFE-8B4D-7C1ED960A888}.AppStore|iPhoneSimulator.Build.0 = Release|x86
		{C25238D6-A02D-4DFE-8B4D-7C1ED960A888}.AppStore|iPhoneSimulator.Deploy.0 = Release|x86
		{C25238D6-A02D-4DFE-8B4D-7C1ED960A888}.AppStore|x64.ActiveCfg = Release|x64
		{C25238D6-A02D-4DFE-8B4D-7C1ED960A888}.AppStore|x64.Build.0 = Release|x64
		{C25238D6-A02D-4DFE-8B4D-7C1ED960A888}.AppStore|x64.Deploy.0 = Release|x64
		{C25238D6-A02D-4DFE-8B4D-7C1ED960A888}.AppStore|x86.ActiveCfg = Release|x86
		{C25238D6-A02D-4DFE-8B4D-7C1ED960A888}.AppStore|x86.Build.0 = Release|x86
		{C25238D6-A02D-4DFE-8B4D-7C1ED960A888}.AppStore|x86.Deploy.0 = Release|x86
		{C25238D6-A02D-4DFE-8B4D-7C1ED960A888}.Debug|Any CPU.ActiveCfg = Debug|x86
		{C25238D6-A02D-4DFE-8B4D-7C1ED960A888}.Debug|ARM.ActiveCfg = Debug|ARM
		{C25238D6-A02D-4DFE-8B4D-7C1ED960A888}.Debug|ARM.Build.0 = Debug|ARM
		{C25238D6-A02D-4DFE-8B4D-7C1ED960A888}.Debug|ARM.Deploy.0 = Debug|ARM
		{C25238D6-A02D-4DFE-8B4D-7C1ED960A888}.Debug|iPhone.ActiveCfg = Debug|x86
		{C25238D6-A02D-4DFE-8B4D-7C1ED960A888}.Debug|iPhoneSimulator.ActiveCfg = Debug|x86
		{C25238D6-A02D-4DFE-8B4D-7C1ED960A888}.Debug|x64.ActiveCfg = Debug|x64
		{C25238D6-A02D-4DFE-8B4D-7C1ED960A888}.Debug|x64.Build.0 = Debug|x64
		{C25238D6-A02D-4DFE-8B4D-7C1ED960A888}.Debug|x64.Deploy.0 = Debug|x64
		{C25238D6-A02D-4DFE-8B4D-7C1ED960A888}.Debug|x86.ActiveCfg = Debug|x86
		{C25238D6-A02D-4DFE-8B4D-7C1ED960A888}.Debug|x86.Build.0 = Debug|x86
		{C25238D6-A02D-4DFE-8B4D-7C1ED960A888}.Debug|x86.Deploy.0 = Debug|x86
		{C25238D6-A02D-4DFE-8B4D-7C1ED960A888}.Release|Any CPU.ActiveCfg = Release|x86
		{C25238D6-A02D-4DFE-8B4D-7C1ED960A888}.Release|ARM.ActiveCfg = Release|ARM
		{C25238D6-A02D-4DFE-8B4D-7C1ED960A888}.Release|ARM.Build.0 = Release|ARM
		{C25238D6-A02D-4DFE-8B4D-7C1ED960A888}.Release|ARM.Deploy.0 = Release|ARM
		{C25238D6-A02D-4DFE-8B4D-7C1ED960A888}.Release|iPhone.ActiveCfg = Release|x86
		{C25238D6-A02D-4DFE-8B4D-7C1ED960A888}.Release|iPhoneSimulator.ActiveCfg = Release|x86
		{C25238D6-A02D-4DFE-8B4D-7C1ED960A888}.Release|x64.ActiveCfg = Release|x64
		{C25238D6-A02D-4DFE-8B4D-7C1ED960A888}.Release|x64.Build.0 = Release|x64
		{C25238D6-A02D-4DFE-8B4D-7C1ED960A888}.Release|x64.Deploy.0 = Release|x64
		{C25238D6-A02D-4DFE-8B4D-7C1ED960A888}.Release|x86.ActiveCfg = Release|x86
		{C25238D6-A02D-4DFE-8B4D-7C1ED960A888}.Release|x86.Build.0 = Release|x86
		{C25238D6-A02D-4DFE-8B4D-7C1ED960A888}.Release|x86.Deploy.0 = Release|x86
	EndGlobalSection
	GlobalSection(SolutionProperties) = preSolution
		HideSolutionNode = FALSE
	EndGlobalSection
	GlobalSection(ExtensibilityGlobals) = postSolution
		SolutionGuid = {EEDEDC05-C774-4E91-B29C-D4BA83110812}
	EndGlobalSection
EndGlobal
