
Microsoft Visual Studio Solution File, Format Version 12.00
# Visual Studio Version 16
VisualStudioVersion = 16.0.29009.5
MinimumVisualStudioVersion = 10.0.40219.1
Project("{FAE04EC0-301F-11D3-BF4B-00C04F79EFBC}") = "TempBinding.UWP", "TempBinding\TempBinding.UWP\TempBinding.UWP.csproj", "{469CAE3E-68E0-47DE-9E54-E33728F811B4}"
EndProject
Project("{FAE04EC0-301F-11D3-BF4B-00C04F79EFBC}") = "TempBinding.Android", "TempBinding\TempBinding.Android\TempBinding.Android.csproj", "{7BAEA074-B190-47A6-8958-75EF0288AE89}"
EndProject
Project("{FAE04EC0-301F-11D3-BF4B-00C04F79EFBC}") = "TempBinding.iOS", "TempBinding\TempBinding.iOS\TempBinding.iOS.csproj", "{05C83738-F626-4DFA-8A18-D341146CF67E}"
EndProject
Project("{FAE04EC0-301F-11D3-BF4B-00C04F79EFBC}") = "TempBinding", "TempBinding\TempBinding\TempBinding.csproj", "{1B542AFE-4601-43AD-B85A-040E5F389B19}"
EndProject
Global
	GlobalSection(SolutionConfigurationPlatforms) = preSolution
		Debug|Any CPU = Debug|Any CPU
		Debug|ARM = Debug|ARM
		Debug|iPhone = Debug|iPhone
		Debug|iPhoneSimulator = Debug|iPhoneSimulator
		Debug|x64 = Debug|x64
		Debug|x86 = Debug|x86
		Release|Any CPU = Release|Any CPU
		Release|ARM = Release|ARM
		Release|iPhone = Release|iPhone
		Release|iPhoneSimulator = Release|iPhoneSimulator
		Release|x64 = Release|x64
		Release|x86 = Release|x86
	EndGlobalSection
	GlobalSection(ProjectConfigurationPlatforms) = postSolution
		{469CAE3E-68E0-47DE-9E54-E33728F811B4}.Debug|Any CPU.ActiveCfg = Debug|x86
		{469CAE3E-68E0-47DE-9E54-E33728F811B4}.Debug|Any CPU.Build.0 = Debug|x86
		{469CAE3E-68E0-47DE-9E54-E33728F811B4}.Debug|Any CPU.Deploy.0 = Debug|x86
		{469CAE3E-68E0-47DE-9E54-E33728F811B4}.Debug|ARM.ActiveCfg = Debug|ARM
		{469CAE3E-68E0-47DE-9E54-E33728F811B4}.Debug|ARM.Build.0 = Debug|ARM
		{469CAE3E-68E0-47DE-9E54-E33728F811B4}.Debug|ARM.Deploy.0 = Debug|ARM
		{469CAE3E-68E0-47DE-9E54-E33728F811B4}.Debug|iPhone.ActiveCfg = Debug|x86
		{469CAE3E-68E0-47DE-9E54-E33728F811B4}.Debug|iPhone.Build.0 = Debug|x86
		{469CAE3E-68E0-47DE-9E54-E33728F811B4}.Debug|iPhone.Deploy.0 = Debug|x86
		{469CAE3E-68E0-47DE-9E54-E33728F811B4}.Debug|iPhoneSimulator.ActiveCfg = Debug|x86
		{469CAE3E-68E0-47DE-9E54-E33728F811B4}.Debug|iPhoneSimulator.Build.0 = Debug|x86
		{469CAE3E-68E0-47DE-9E54-E33728F811B4}.Debug|iPhoneSimulator.Deploy.0 = Debug|x86
		{469CAE3E-68E0-47DE-9E54-E33728F811B4}.Debug|x64.ActiveCfg = Debug|x64
		{469CAE3E-68E0-47DE-9E54-E33728F811B4}.Debug|x64.Build.0 = Debug|x64
		{469CAE3E-68E0-47DE-9E54-E33728F811B4}.Debug|x64.Deploy.0 = Debug|x64
		{469CAE3E-68E0-47DE-9E54-E33728F811B4}.Debug|x86.ActiveCfg = Debug|x86
		{469CAE3E-68E0-47DE-9E54-E33728F811B4}.Debug|x86.Build.0 = Debug|x86
		{469CAE3E-68E0-47DE-9E54-E33728F811B4}.Debug|x86.Deploy.0 = Debug|x86
		{469CAE3E-68E0-47DE-9E54-E33728F811B4}.Release|Any CPU.ActiveCfg = Release|x86
		{469CAE3E-68E0-47DE-9E54-E33728F811B4}.Release|Any CPU.Build.0 = Release|x86
		{469CAE3E-68E0-47DE-9E54-E33728F811B4}.Release|Any CPU.Deploy.0 = Release|x86
		{469CAE3E-68E0-47DE-9E54-E33728F811B4}.Release|ARM.ActiveCfg = Release|ARM
		{469CAE3E-68E0-47DE-9E54-E33728F811B4}.Release|ARM.Build.0 = Release|ARM
		{469CAE3E-68E0-47DE-9E54-E33728F811B4}.Release|ARM.Deploy.0 = Release|ARM
		{469CAE3E-68E0-47DE-9E54-E33728F811B4}.Release|iPhone.ActiveCfg = Release|x86
		{469CAE3E-68E0-47DE-9E54-E33728F811B4}.Release|iPhone.Build.0 = Release|x86
		{469CAE3E-68E0-47DE-9E54-E33728F811B4}.Release|iPhone.Deploy.0 = Release|x86
		{469CAE3E-68E0-47DE-9E54-E33728F811B4}.Release|iPhoneSimulator.ActiveCfg = Release|x86
		{469CAE3E-68E0-47DE-9E54-E33728F811B4}.Release|iPhoneSimulator.Build.0 = Release|x86
		{469CAE3E-68E0-47DE-9E54-E33728F811B4}.Release|iPhoneSimulator.Deploy.0 = Release|x86
		{469CAE3E-68E0-47DE-9E54-E33728F811B4}.Release|x64.ActiveCfg = Release|x64
		{469CAE3E-68E0-47DE-9E54-E33728F811B4}.Release|x64.Build.0 = Release|x64
		{469CAE3E-68E0-47DE-9E54-E33728F811B4}.Release|x64.Deploy.0 = Release|x64
		{469CAE3E-68E0-47DE-9E54-E33728F811B4}.Release|x86.ActiveCfg = Release|x86
		{469CAE3E-68E0-47DE-9E54-E33728F811B4}.Release|x86.Build.0 = Release|x86
		{469CAE3E-68E0-47DE-9E54-E33728F811B4}.Release|x86.Deploy.0 = Release|x86
		{7BAEA074-B190-47A6-8958-75EF0288AE89}.Debug|Any CPU.ActiveCfg = Debug|Any CPU
		{7BAEA074-B190-47A6-8958-75EF0288AE89}.Debug|Any CPU.Build.0 = Debug|Any CPU
		{7BAEA074-B190-47A6-8958-75EF0288AE89}.Debug|Any CPU.Deploy.0 = Debug|Any CPU
		{7BAEA074-B190-47A6-8958-75EF0288AE89}.Debug|ARM.ActiveCfg = Debug|Any CPU
		{7BAEA074-B190-47A6-8958-75EF0288AE89}.Debug|ARM.Build.0 = Debug|Any CPU
		{7BAEA074-B190-47A6-8958-75EF0288AE89}.Debug|ARM.Deploy.0 = Debug|Any CPU
		{7BAEA074-B190-47A6-8958-75EF0288AE89}.Debug|iPhone.ActiveCfg = Debug|Any CPU
		{7BAEA074-B190-47A6-8958-75EF0288AE89}.Debug|iPhone.Build.0 = Debug|Any CPU
		{7BAEA074-B190-47A6-8958-75EF0288AE89}.Debug|iPhone.Deploy.0 = Debug|Any CPU
		{7BAEA074-B190-47A6-8958-75EF0288AE89}.Debug|iPhoneSimulator.ActiveCfg = Debug|Any CPU
		{7BAEA074-B190-47A6-8958-75EF0288AE89}.Debug|iPhoneSimulator.Build.0 = Debug|Any CPU
		{7BAEA074-B190-47A6-8958-75EF0288AE89}.Debug|iPhoneSimulator.Deploy.0 = Debug|Any CPU
		{7BAEA074-B190-47A6-8958-75EF0288AE89}.Debug|x64.ActiveCfg = Debug|Any CPU
		{7BAEA074-B190-47A6-8958-75EF0288AE89}.Debug|x64.Build.0 = Debug|Any CPU
		{7BAEA074-B190-47A6-8958-75EF0288AE89}.Debug|x64.Deploy.0 = Debug|Any CPU
		{7BAEA074-B190-47A6-8958-75EF0288AE89}.Debug|x86.ActiveCfg = Debug|Any CPU
		{7BAEA074-B190-47A6-8958-75EF0288AE89}.Debug|x86.Build.0 = Debug|Any CPU
		{7BAEA074-B190-47A6-8958-75EF0288AE89}.Debug|x86.Deploy.0 = Debug|Any CPU
		{7BAEA074-B190-47A6-8958-75EF0288AE89}.Release|Any CPU.ActiveCfg = Release|Any CPU
		{7BAEA074-B190-47A6-8958-75EF0288AE89}.Release|Any CPU.Build.0 = Release|Any CPU
		{7BAEA074-B190-47A6-8958-75EF0288AE89}.Release|Any CPU.Deploy.0 = Release|Any CPU
		{7BAEA074-B190-47A6-8958-75EF0288AE89}.Release|ARM.ActiveCfg = Release|Any CPU
		{7BAEA074-B190-47A6-8958-75EF0288AE89}.Release|ARM.Build.0 = Release|Any CPU
		{7BAEA074-B190-47A6-8958-75EF0288AE89}.Release|ARM.Deploy.0 = Release|Any CPU
		{7BAEA074-B190-47A6-8958-75EF0288AE89}.Release|iPhone.ActiveCfg = Release|Any CPU
		{7BAEA074-B190-47A6-8958-75EF0288AE89}.Release|iPhone.Build.0 = Release|Any CPU
		{7BAEA074-B190-47A6-8958-75EF0288AE89}.Release|iPhone.Deploy.0 = Release|Any CPU
		{7BAEA074-B190-47A6-8958-75EF0288AE89}.Release|iPhoneSimulator.ActiveCfg = Release|Any CPU
		{7BAEA074-B190-47A6-8958-75EF0288AE89}.Release|iPhoneSimulator.Build.0 = Release|Any CPU
		{7BAEA074-B190-47A6-8958-75EF0288AE89}.Release|iPhoneSimulator.Deploy.0 = Release|Any CPU
		{7BAEA074-B190-47A6-8958-75EF0288AE89}.Release|x64.ActiveCfg = Release|Any CPU
		{7BAEA074-B190-47A6-8958-75EF0288AE89}.Release|x64.Build.0 = Release|Any CPU
		{7BAEA074-B190-47A6-8958-75EF0288AE89}.Release|x64.Deploy.0 = Release|Any CPU
		{7BAEA074-B190-47A6-8958-75EF0288AE89}.Release|x86.ActiveCfg = Release|Any CPU
		{7BAEA074-B190-47A6-8958-75EF0288AE89}.Release|x86.Build.0 = Release|Any CPU
		{7BAEA074-B190-47A6-8958-75EF0288AE89}.Release|x86.Deploy.0 = Release|Any CPU
		{05C83738-F626-4DFA-8A18-D341146CF67E}.Debug|Any CPU.ActiveCfg = Debug|iPhone
		{05C83738-F626-4DFA-8A18-D341146CF67E}.Debug|Any CPU.Build.0 = Debug|iPhone
		{05C83738-F626-4DFA-8A18-D341146CF67E}.Debug|Any CPU.Deploy.0 = Debug|iPhone
		{05C83738-F626-4DFA-8A18-D341146CF67E}.Debug|ARM.ActiveCfg = Debug|iPhoneSimulator
		{05C83738-F626-4DFA-8A18-D341146CF67E}.Debug|ARM.Build.0 = Debug|iPhoneSimulator
		{05C83738-F626-4DFA-8A18-D341146CF67E}.Debug|ARM.Deploy.0 = Debug|iPhoneSimulator
		{05C83738-F626-4DFA-8A18-D341146CF67E}.Debug|iPhone.ActiveCfg = Debug|iPhone
		{05C83738-F626-4DFA-8A18-D341146CF67E}.Debug|iPhone.Build.0 = Debug|iPhone
		{05C83738-F626-4DFA-8A18-D341146CF67E}.Debug|iPhone.Deploy.0 = Debug|iPhone
		{05C83738-F626-4DFA-8A18-D341146CF67E}.Debug|iPhoneSimulator.ActiveCfg = Debug|iPhoneSimulator
		{05C83738-F626-4DFA-8A18-D341146CF67E}.Debug|iPhoneSimulator.Build.0 = Debug|iPhoneSimulator
		{05C83738-F626-4DFA-8A18-D341146CF67E}.Debug|iPhoneSimulator.Deploy.0 = Debug|iPhoneSimulator
		{05C83738-F626-4DFA-8A18-D341146CF67E}.Debug|x64.ActiveCfg = Debug|iPhone
		{05C83738-F626-4DFA-8A18-D341146CF67E}.Debug|x64.Build.0 = Debug|iPhone
		{05C83738-F626-4DFA-8A18-D341146CF67E}.Debug|x64.Deploy.0 = Debug|iPhone
		{05C83738-F626-4DFA-8A18-D341146CF67E}.Debug|x86.ActiveCfg = Debug|iPhone
		{05C83738-F626-4DFA-8A18-D341146CF67E}.Debug|x86.Build.0 = Debug|iPhone
		{05C83738-F626-4DFA-8A18-D341146CF67E}.Debug|x86.Deploy.0 = Debug|iPhone
		{05C83738-F626-4DFA-8A18-D341146CF67E}.Release|Any CPU.ActiveCfg = Release|iPhone
		{05C83738-F626-4DFA-8A18-D341146CF67E}.Release|Any CPU.Build.0 = Release|iPhone
		{05C83738-F626-4DFA-8A18-D341146CF67E}.Release|Any CPU.Deploy.0 = Release|iPhone
		{05C83738-F626-4DFA-8A18-D341146CF67E}.Release|ARM.ActiveCfg = Release|iPhone
		{05C83738-F626-4DFA-8A18-D341146CF67E}.Release|ARM.Build.0 = Release|iPhone
		{05C83738-F626-4DFA-8A18-D341146CF67E}.Release|ARM.Deploy.0 = Release|iPhone
		{05C83738-F626-4DFA-8A18-D341146CF67E}.Release|iPhone.ActiveCfg = Release|iPhone
		{05C83738-F626-4DFA-8A18-D341146CF67E}.Release|iPhone.Build.0 = Release|iPhone
		{05C83738-F626-4DFA-8A18-D341146CF67E}.Release|iPhone.Deploy.0 = Release|iPhone
		{05C83738-F626-4DFA-8A18-D341146CF67E}.Release|iPhoneSimulator.ActiveCfg = Release|iPhoneSimulator
		{05C83738-F626-4DFA-8A18-D341146CF67E}.Release|iPhoneSimulator.Build.0 = Release|iPhoneSimulator
		{05C83738-F626-4DFA-8A18-D341146CF67E}.Release|iPhoneSimulator.Deploy.0 = Release|iPhoneSimulator
		{05C83738-F626-4DFA-8A18-D341146CF67E}.Release|x64.ActiveCfg = Release|iPhone
		{05C83738-F626-4DFA-8A18-D341146CF67E}.Release|x64.Build.0 = Release|iPhone
		{05C83738-F626-4DFA-8A18-D341146CF67E}.Release|x64.Deploy.0 = Release|iPhone
		{05C83738-F626-4DFA-8A18-D341146CF67E}.Release|x86.ActiveCfg = Release|iPhone
		{05C83738-F626-4DFA-8A18-D341146CF67E}.Release|x86.Build.0 = Release|iPhone
		{05C83738-F626-4DFA-8A18-D341146CF67E}.Release|x86.Deploy.0 = Release|iPhone
		{1B542AFE-4601-43AD-B85A-040E5F389B19}.Debug|Any CPU.ActiveCfg = Debug|Any CPU
		{1B542AFE-4601-43AD-B85A-040E5F389B19}.Debug|Any CPU.Build.0 = Debug|Any CPU
		{1B542AFE-4601-43AD-B85A-040E5F389B19}.Debug|Any CPU.Deploy.0 = Debug|Any CPU
		{1B542AFE-4601-43AD-B85A-040E5F389B19}.Debug|ARM.ActiveCfg = Debug|Any CPU
		{1B542AFE-4601-43AD-B85A-040E5F389B19}.Debug|ARM.Build.0 = Debug|Any CPU
		{1B542AFE-4601-43AD-B85A-040E5F389B19}.Debug|ARM.Deploy.0 = Debug|Any CPU
		{1B542AFE-4601-43AD-B85A-040E5F389B19}.Debug|iPhone.ActiveCfg = Debug|Any CPU
		{1B542AFE-4601-43AD-B85A-040E5F389B19}.Debug|iPhone.Build.0 = Debug|Any CPU
		{1B542AFE-4601-43AD-B85A-040E5F389B19}.Debug|iPhone.Deploy.0 = Debug|Any CPU
		{1B542AFE-4601-43AD-B85A-040E5F389B19}.Debug|iPhoneSimulator.ActiveCfg = Debug|Any CPU
		{1B542AFE-4601-43AD-B85A-040E5F389B19}.Debug|iPhoneSimulator.Build.0 = Debug|Any CPU
		{1B542AFE-4601-43AD-B85A-040E5F389B19}.Debug|iPhoneSimulator.Deploy.0 = Debug|Any CPU
		{1B542AFE-4601-43AD-B85A-040E5F389B19}.Debug|x64.ActiveCfg = Debug|Any CPU
		{1B542AFE-4601-43AD-B85A-040E5F389B19}.Debug|x64.Build.0 = Debug|Any CPU
		{1B542AFE-4601-43AD-B85A-040E5F389B19}.Debug|x64.Deploy.0 = Debug|Any CPU
		{1B542AFE-4601-43AD-B85A-040E5F389B19}.Debug|x86.ActiveCfg = Debug|Any CPU
		{1B542AFE-4601-43AD-B85A-040E5F389B19}.Debug|x86.Build.0 = Debug|Any CPU
		{1B542AFE-4601-43AD-B85A-040E5F389B19}.Debug|x86.Deploy.0 = Debug|Any CPU
		{1B542AFE-4601-43AD-B85A-040E5F389B19}.Release|Any CPU.ActiveCfg = Release|Any CPU
		{1B542AFE-4601-43AD-B85A-040E5F389B19}.Release|Any CPU.Build.0 = Release|Any CPU
		{1B542AFE-4601-43AD-B85A-040E5F389B19}.Release|Any CPU.Deploy.0 = Release|Any CPU
		{1B542AFE-4601-43AD-B85A-040E5F389B19}.Release|ARM.ActiveCfg = Release|Any CPU
		{1B542AFE-4601-43AD-B85A-040E5F389B19}.Release|ARM.Build.0 = Release|Any CPU
		{1B542AFE-4601-43AD-B85A-040E5F389B19}.Release|ARM.Deploy.0 = Release|Any CPU
		{1B542AFE-4601-43AD-B85A-040E5F389B19}.Release|iPhone.ActiveCfg = Release|Any CPU
		{1B542AFE-4601-43AD-B85A-040E5F389B19}.Release|iPhone.Build.0 = Release|Any CPU
		{1B542AFE-4601-43AD-B85A-040E5F389B19}.Release|iPhone.Deploy.0 = Release|Any CPU
		{1B542AFE-4601-43AD-B85A-040E5F389B19}.Release|iPhoneSimulator.ActiveCfg = Release|Any CPU
		{1B542AFE-4601-43AD-B85A-040E5F389B19}.Release|iPhoneSimulator.Build.0 = Release|Any CPU
		{1B542AFE-4601-43AD-B85A-040E5F389B19}.Release|iPhoneSimulator.Deploy.0 = Release|Any CPU
		{1B542AFE-4601-43AD-B85A-040E5F389B19}.Release|x64.ActiveCfg = Release|Any CPU
		{1B542AFE-4601-43AD-B85A-040E5F389B19}.Release|x64.Build.0 = Release|Any CPU
		{1B542AFE-4601-43AD-B85A-040E5F389B19}.Release|x64.Deploy.0 = Release|Any CPU
		{1B542AFE-4601-43AD-B85A-040E5F389B19}.Release|x86.ActiveCfg = Release|Any CPU
		{1B542AFE-4601-43AD-B85A-040E5F389B19}.Release|x86.Build.0 = Release|Any CPU
		{1B542AFE-4601-43AD-B85A-040E5F389B19}.Release|x86.Deploy.0 = Release|Any CPU
	EndGlobalSection
	GlobalSection(SolutionProperties) = preSolution
		HideSolutionNode = FALSE
	EndGlobalSection
	GlobalSection(ExtensibilityGlobals) = postSolution
		SolutionGuid = {4CD5BE83-BFE7-4329-BCA5-66EAC3B60CDF}
	EndGlobalSection
EndGlobal
